// !$*UTF8*$!
{
	archiveVersion = 1;
	classes = {
	};
	objectVersion = 42;
	objects = {

/* Begin PBXBuildFile section */
		23978FC8121B799B004532B7 /* ofxWebSimpleGuiToo.cpp in Sources */ = {isa = PBXBuildFile; fileRef = 23978FC2121B799B004532B7 /* ofxWebSimpleGuiToo.cpp */; };
		23BDA0D612115F5A00E5BB68 /* ofxDirList.cpp in Sources */ = {isa = PBXBuildFile; fileRef = 23BDA08E12115F5A00E5BB68 /* ofxDirList.cpp */; };
		23BDA0D712115F5A00E5BB68 /* ofxGui.cpp in Sources */ = {isa = PBXBuildFile; fileRef = 23BDA09112115F5A00E5BB68 /* ofxGui.cpp */; };
		23BDA0D812115F5A00E5BB68 /* ofxGuiButton.cpp in Sources */ = {isa = PBXBuildFile; fileRef = 23BDA09312115F5A00E5BB68 /* ofxGuiButton.cpp */; };
		23BDA0D912115F5A00E5BB68 /* ofxGuiColor.cpp in Sources */ = {isa = PBXBuildFile; fileRef = 23BDA09512115F5A00E5BB68 /* ofxGuiColor.cpp */; };
		23BDA0DA12115F5A00E5BB68 /* ofxGuiFiles.cpp in Sources */ = {isa = PBXBuildFile; fileRef = 23BDA09712115F5A00E5BB68 /* ofxGuiFiles.cpp */; };
		23BDA0DB12115F5A00E5BB68 /* ofxGuiGlobals.cpp in Sources */ = {isa = PBXBuildFile; fileRef = 23BDA09912115F5A00E5BB68 /* ofxGuiGlobals.cpp */; };
		23BDA0DC12115F5A00E5BB68 /* ofxGuiKnob.cpp in Sources */ = {isa = PBXBuildFile; fileRef = 23BDA09B12115F5A00E5BB68 /* ofxGuiKnob.cpp */; };
		23BDA0DD12115F5A00E5BB68 /* ofxGuiMatrix.cpp in Sources */ = {isa = PBXBuildFile; fileRef = 23BDA09D12115F5A00E5BB68 /* ofxGuiMatrix.cpp */; };
		23BDA0DE12115F5A00E5BB68 /* ofxGuiObject.cpp in Sources */ = {isa = PBXBuildFile; fileRef = 23BDA09F12115F5A00E5BB68 /* ofxGuiObject.cpp */; };
		23BDA0DF12115F5A00E5BB68 /* ofxGuiPanel.cpp in Sources */ = {isa = PBXBuildFile; fileRef = 23BDA0A112115F5A00E5BB68 /* ofxGuiPanel.cpp */; };
		23BDA0E012115F5A00E5BB68 /* ofxGuiPoints.cpp in Sources */ = {isa = PBXBuildFile; fileRef = 23BDA0A312115F5A00E5BB68 /* ofxGuiPoints.cpp */; };
		23BDA0E112115F5A00E5BB68 /* ofxGuiRadar.cpp in Sources */ = {isa = PBXBuildFile; fileRef = 23BDA0A512115F5A00E5BB68 /* ofxGuiRadar.cpp */; };
		23BDA0E212115F5A00E5BB68 /* ofxGuiScope.cpp in Sources */ = {isa = PBXBuildFile; fileRef = 23BDA0A712115F5A00E5BB68 /* ofxGuiScope.cpp */; };
		23BDA0E312115F5A00E5BB68 /* ofxGuiSlider.cpp in Sources */ = {isa = PBXBuildFile; fileRef = 23BDA0A912115F5A00E5BB68 /* ofxGuiSlider.cpp */; };
		23BDA0E412115F5A00E5BB68 /* ofxGuiSwitch.cpp in Sources */ = {isa = PBXBuildFile; fileRef = 23BDA0AB12115F5A00E5BB68 /* ofxGuiSwitch.cpp */; };
		23BDA0E512115F5A00E5BB68 /* ofxGuiXyPad.cpp in Sources */ = {isa = PBXBuildFile; fileRef = 23BDA0AE12115F5A00E5BB68 /* ofxGuiXyPad.cpp */; };
		23BDA0E612115F5A00E5BB68 /* ofxNxmlFile.cpp in Sources */ = {isa = PBXBuildFile; fileRef = 23BDA0B112115F5A00E5BB68 /* ofxNxmlFile.cpp */; };
		23BDA0E712115F5A00E5BB68 /* ofxNxmlObject.cpp in Sources */ = {isa = PBXBuildFile; fileRef = 23BDA0B312115F5A00E5BB68 /* ofxNxmlObject.cpp */; };
		23BDA0E812115F5A00E5BB68 /* ofxMatrix3x3.cpp in Sources */ = {isa = PBXBuildFile; fileRef = 23BDA0B712115F5A00E5BB68 /* ofxMatrix3x3.cpp */; };
		23BDA0E912115F5A00E5BB68 /* ofxMatrix4x4.cpp in Sources */ = {isa = PBXBuildFile; fileRef = 23BDA0B912115F5A00E5BB68 /* ofxMatrix4x4.cpp */; };
		23BDA0EA12115F5A00E5BB68 /* ofxQuaternion.cpp in Sources */ = {isa = PBXBuildFile; fileRef = 23BDA0BE12115F5A00E5BB68 /* ofxQuaternion.cpp */; };
		23BDA0EB12115F5A00E5BB68 /* mongoose.c in Sources */ = {isa = PBXBuildFile; fileRef = 23BDA0C612115F5A00E5BB68 /* mongoose.c */; };
		23BDA0EC12115F5A00E5BB68 /* ofxWebServer.cpp in Sources */ = {isa = PBXBuildFile; fileRef = 23BDA0C912115F5A00E5BB68 /* ofxWebServer.cpp */; };
		23BDA0ED12115F5A00E5BB68 /* ofxWSRequestHandler.cpp in Sources */ = {isa = PBXBuildFile; fileRef = 23BDA0CB12115F5A00E5BB68 /* ofxWSRequestHandler.cpp */; };
		23BDA0EE12115F5A00E5BB68 /* tinyxml.cpp in Sources */ = {isa = PBXBuildFile; fileRef = 23BDA0CF12115F5A00E5BB68 /* tinyxml.cpp */; };
		23BDA0EF12115F5A00E5BB68 /* tinyxmlerror.cpp in Sources */ = {isa = PBXBuildFile; fileRef = 23BDA0D112115F5A00E5BB68 /* tinyxmlerror.cpp */; };
		23BDA0F012115F5A00E5BB68 /* tinyxmlparser.cpp in Sources */ = {isa = PBXBuildFile; fileRef = 23BDA0D212115F5A00E5BB68 /* tinyxmlparser.cpp */; };
		23BDA0F112115F5A00E5BB68 /* ofxXmlSettings.cpp in Sources */ = {isa = PBXBuildFile; fileRef = 23BDA0D412115F5A00E5BB68 /* ofxXmlSettings.cpp */; };
		23BDA1051211612500E5BB68 /* ccwServer.cpp in Sources */ = {isa = PBXBuildFile; fileRef = 23BDA1031211612500E5BB68 /* ccwServer.cpp */; };
		23EC44E2121BFE39001CA255 /* ofxSimpleGuiButton.cpp in Sources */ = {isa = PBXBuildFile; fileRef = 23EC44C2121BFE39001CA255 /* ofxSimpleGuiButton.cpp */; };
		23EC44E3121BFE39001CA255 /* ofxSimpleGuiColorPicker.cpp in Sources */ = {isa = PBXBuildFile; fileRef = 23EC44C4121BFE39001CA255 /* ofxSimpleGuiColorPicker.cpp */; };
		23EC44E4121BFE39001CA255 /* ofxSimpleGuiComboBox.cpp in Sources */ = {isa = PBXBuildFile; fileRef = 23EC44C6121BFE39001CA255 /* ofxSimpleGuiComboBox.cpp */; };
		23EC44E5121BFE39001CA255 /* ofxSimpleGuiContent.cpp in Sources */ = {isa = PBXBuildFile; fileRef = 23EC44C8121BFE39001CA255 /* ofxSimpleGuiContent.cpp */; };
		23EC44E6121BFE39001CA255 /* ofxSimpleGuiFPSCounter.cpp in Sources */ = {isa = PBXBuildFile; fileRef = 23EC44CA121BFE39001CA255 /* ofxSimpleGuiFPSCounter.cpp */; };
		23EC44E7121BFE39001CA255 /* ofxSimpleGuiMovieSlider.cpp in Sources */ = {isa = PBXBuildFile; fileRef = 23EC44CC121BFE39001CA255 /* ofxSimpleGuiMovieSlider.cpp */; };
		23EC44E8121BFE39001CA255 /* ofxSimpleGuiQuadWarp.cpp in Sources */ = {isa = PBXBuildFile; fileRef = 23EC44CE121BFE39001CA255 /* ofxSimpleGuiQuadWarp.cpp */; };
		23EC44E9121BFE39001CA255 /* ofxSimpleGuiSlider2d.cpp in Sources */ = {isa = PBXBuildFile; fileRef = 23EC44D0121BFE39001CA255 /* ofxSimpleGuiSlider2d.cpp */; };
		23EC44EA121BFE39001CA255 /* ofxSimpleGuiTitle.cpp in Sources */ = {isa = PBXBuildFile; fileRef = 23EC44D5121BFE39001CA255 /* ofxSimpleGuiTitle.cpp */; };
		23EC44EB121BFE39001CA255 /* ofxSimpleGuiToggle.cpp in Sources */ = {isa = PBXBuildFile; fileRef = 23EC44D7121BFE39001CA255 /* ofxSimpleGuiToggle.cpp */; };
		23EC44EC121BFE39001CA255 /* ofxSimpleGuiConfig.cpp in Sources */ = {isa = PBXBuildFile; fileRef = 23EC44D9121BFE39001CA255 /* ofxSimpleGuiConfig.cpp */; };
		23EC44ED121BFE39001CA255 /* ofxSimpleGuiControl.cpp in Sources */ = {isa = PBXBuildFile; fileRef = 23EC44DB121BFE39001CA255 /* ofxSimpleGuiControl.cpp */; };
		23EC44EE121BFE39001CA255 /* ofxSimpleGuiPage.cpp in Sources */ = {isa = PBXBuildFile; fileRef = 23EC44DE121BFE39001CA255 /* ofxSimpleGuiPage.cpp */; };
		23EC44EF121BFE39001CA255 /* ofxSimpleGuiToo.cpp in Sources */ = {isa = PBXBuildFile; fileRef = 23EC44E0121BFE39001CA255 /* ofxSimpleGuiToo.cpp */; };
		23EC44FF121BFE82001CA255 /* ofxMSAInteractiveObject.cpp in Sources */ = {isa = PBXBuildFile; fileRef = 23EC44FD121BFE82001CA255 /* ofxMSAInteractiveObject.cpp */; };
		23EC45EE121C2E44001CA255 /* ccwConfigResponse.cpp in Sources */ = {isa = PBXBuildFile; fileRef = 23EC45EC121C2E44001CA255 /* ccwConfigResponse.cpp */; };
		23EC45F9121C2E6F001CA255 /* ccwPlugin.cpp in Sources */ = {isa = PBXBuildFile; fileRef = 23EC45F7121C2E6F001CA255 /* ccwPlugin.cpp */; };
		E45BE0AA0E8CC67C009D7055 /* GLee.a in Frameworks */ = {isa = PBXBuildFile; fileRef = E45BE0A90E8CC67C009D7055 /* GLee.a */; };
		E45BE2E40E8CC69C009D7055 /* rtAudio.a in Frameworks */ = {isa = PBXBuildFile; fileRef = E45BE2E30E8CC69C009D7055 /* rtAudio.a */; };
		E45BE97B0E8CC7DD009D7055 /* AGL.framework in Frameworks */ = {isa = PBXBuildFile; fileRef = E45BE9710E8CC7DD009D7055 /* AGL.framework */; };
		E45BE97C0E8CC7DD009D7055 /* ApplicationServices.framework in Frameworks */ = {isa = PBXBuildFile; fileRef = E45BE9720E8CC7DD009D7055 /* ApplicationServices.framework */; };
		E45BE97D0E8CC7DD009D7055 /* AudioToolbox.framework in Frameworks */ = {isa = PBXBuildFile; fileRef = E45BE9730E8CC7DD009D7055 /* AudioToolbox.framework */; };
		E45BE97E0E8CC7DD009D7055 /* Carbon.framework in Frameworks */ = {isa = PBXBuildFile; fileRef = E45BE9740E8CC7DD009D7055 /* Carbon.framework */; };
		E45BE97F0E8CC7DD009D7055 /* CoreAudio.framework in Frameworks */ = {isa = PBXBuildFile; fileRef = E45BE9750E8CC7DD009D7055 /* CoreAudio.framework */; };
		E45BE9800E8CC7DD009D7055 /* CoreFoundation.framework in Frameworks */ = {isa = PBXBuildFile; fileRef = E45BE9760E8CC7DD009D7055 /* CoreFoundation.framework */; };
		E45BE9810E8CC7DD009D7055 /* CoreServices.framework in Frameworks */ = {isa = PBXBuildFile; fileRef = E45BE9770E8CC7DD009D7055 /* CoreServices.framework */; };
		E45BE9830E8CC7DD009D7055 /* OpenGL.framework in Frameworks */ = {isa = PBXBuildFile; fileRef = E45BE9790E8CC7DD009D7055 /* OpenGL.framework */; };
		E45BE9840E8CC7DD009D7055 /* QuickTime.framework in Frameworks */ = {isa = PBXBuildFile; fileRef = E45BE97A0E8CC7DD009D7055 /* QuickTime.framework */; };
		E4B69E200A3A1BDC003C02F2 /* main.cpp in Sources */ = {isa = PBXBuildFile; fileRef = E4B69E1D0A3A1BDC003C02F2 /* main.cpp */; };
		E4C2422B10CC554B004149E2 /* openFrameworksDebug.a in Frameworks */ = {isa = PBXBuildFile; fileRef = E4C2421E10CC549C004149E2 /* openFrameworksDebug.a */; };
		E4C2424710CC5A17004149E2 /* AppKit.framework in Frameworks */ = {isa = PBXBuildFile; fileRef = E4C2424410CC5A17004149E2 /* AppKit.framework */; };
		E4C2424810CC5A17004149E2 /* Cocoa.framework in Frameworks */ = {isa = PBXBuildFile; fileRef = E4C2424510CC5A17004149E2 /* Cocoa.framework */; };
		E4C2424910CC5A17004149E2 /* IOKit.framework in Frameworks */ = {isa = PBXBuildFile; fileRef = E4C2424610CC5A17004149E2 /* IOKit.framework */; };
		E4C2426610CC5A78004149E2 /* GLUT.framework in Frameworks */ = {isa = PBXBuildFile; fileRef = E4C2425F10CC5A78004149E2 /* GLUT.framework */; };
		E4C2426B10CC5AA6004149E2 /* GLUT.framework in CopyFiles */ = {isa = PBXBuildFile; fileRef = E4C2425F10CC5A78004149E2 /* GLUT.framework */; };
		E4C2427F10CC5B66004149E2 /* CppUnit.a in Frameworks */ = {isa = PBXBuildFile; fileRef = E4C2427A10CC5B66004149E2 /* CppUnit.a */; };
		E4C2428010CC5B66004149E2 /* PocoFoundation.a in Frameworks */ = {isa = PBXBuildFile; fileRef = E4C2427B10CC5B66004149E2 /* PocoFoundation.a */; };
		E4C2428110CC5B66004149E2 /* PocoNet.a in Frameworks */ = {isa = PBXBuildFile; fileRef = E4C2427C10CC5B66004149E2 /* PocoNet.a */; };
		E4C2428210CC5B66004149E2 /* PocoUtil.a in Frameworks */ = {isa = PBXBuildFile; fileRef = E4C2427D10CC5B66004149E2 /* PocoUtil.a */; };
		E4C2428310CC5B66004149E2 /* PocoXML.a in Frameworks */ = {isa = PBXBuildFile; fileRef = E4C2427E10CC5B66004149E2 /* PocoXML.a */; };
		E4C2429410CC5C38004149E2 /* freetype.a in Frameworks */ = {isa = PBXBuildFile; fileRef = E4C2429310CC5C38004149E2 /* freetype.a */; };
		E4C242CD10CC650E004149E2 /* libfmodex.dylib in Frameworks */ = {isa = PBXBuildFile; fileRef = E4C242CC10CC650E004149E2 /* libfmodex.dylib */; };
		E4C246DA10CCAE22004149E2 /* freeimage.a in Frameworks */ = {isa = PBXBuildFile; fileRef = E4C246D910CCAE22004149E2 /* freeimage.a */; };
/* End PBXBuildFile section */

/* Begin PBXContainerItemProxy section */
		E4C2421D10CC549C004149E2 /* PBXContainerItemProxy */ = {
			isa = PBXContainerItemProxy;
			containerPortal = E4C2421610CC549C004149E2 /* openFrameworksLib.xcodeproj */;
			proxyType = 2;
			remoteGlobalIDString = E4B27C1510CBEB8E00536013;
			remoteInfo = openFrameworks;
		};
		E4C2422710CC54DA004149E2 /* PBXContainerItemProxy */ = {
			isa = PBXContainerItemProxy;
			containerPortal = E4C2421610CC549C004149E2 /* openFrameworksLib.xcodeproj */;
			proxyType = 1;
			remoteGlobalIDString = E4B27C1410CBEB8E00536013;
			remoteInfo = openFrameworks;
		};
/* End PBXContainerItemProxy section */

/* Begin PBXCopyFilesBuildPhase section */
		E4C2427710CC5ABF004149E2 /* CopyFiles */ = {
			isa = PBXCopyFilesBuildPhase;
			buildActionMask = 2147483647;
			dstPath = "";
			dstSubfolderSpec = 10;
			files = (
				E4C2426B10CC5AA6004149E2 /* GLUT.framework in CopyFiles */,
			);
			runOnlyForDeploymentPostprocessing = 0;
		};
		E4C2444710CC769B004149E2 /* CopyFiles */ = {
			isa = PBXCopyFilesBuildPhase;
			buildActionMask = 2147483647;
			dstPath = "";
			dstSubfolderSpec = 7;
			files = (
			);
			runOnlyForDeploymentPostprocessing = 0;
		};
/* End PBXCopyFilesBuildPhase section */

/* Begin PBXFileReference section */
		23978FC2121B799B004532B7 /* ofxWebSimpleGuiToo.cpp */ = {isa = PBXFileReference; fileEncoding = 4; lastKnownFileType = sourcecode.cpp.cpp; name = ofxWebSimpleGuiToo.cpp; path = ../../../addons/ofxWebSimpleGuiToo/src/ofxWebSimpleGuiToo.cpp; sourceTree = SOURCE_ROOT; };
		23978FC3121B799B004532B7 /* ofxWebSimpleGuiToo.h */ = {isa = PBXFileReference; fileEncoding = 4; lastKnownFileType = sourcecode.c.h; name = ofxWebSimpleGuiToo.h; path = ../../../addons/ofxWebSimpleGuiToo/src/ofxWebSimpleGuiToo.h; sourceTree = SOURCE_ROOT; };
		23BDA08712115ED900E5BB68 /* communitycoreweb-Info.plist */ = {isa = PBXFileReference; fileEncoding = 4; lastKnownFileType = text.plist.xml; path = "communitycoreweb-Info.plist"; sourceTree = SOURCE_ROOT; };
		23BDA08B12115F5A00E5BB68 /* ofAddons.h */ = {isa = PBXFileReference; fileEncoding = 4; lastKnownFileType = sourcecode.c.h; name = ofAddons.h; path = ../../../addons/ofAddons.h; sourceTree = SOURCE_ROOT; };
		23BDA08E12115F5A00E5BB68 /* ofxDirList.cpp */ = {isa = PBXFileReference; fileEncoding = 4; lastKnownFileType = sourcecode.cpp.cpp; name = ofxDirList.cpp; path = ../../../addons/ofxDirList/src/ofxDirList.cpp; sourceTree = SOURCE_ROOT; };
		23BDA08F12115F5A00E5BB68 /* ofxDirList.h */ = {isa = PBXFileReference; fileEncoding = 4; lastKnownFileType = sourcecode.c.h; name = ofxDirList.h; path = ../../../addons/ofxDirList/src/ofxDirList.h; sourceTree = SOURCE_ROOT; };
		23BDA09112115F5A00E5BB68 /* ofxGui.cpp */ = {isa = PBXFileReference; fileEncoding = 4; lastKnownFileType = sourcecode.cpp.cpp; name = ofxGui.cpp; path = ../../../addons/ofxGui/ofxGui.cpp; sourceTree = SOURCE_ROOT; };
		23BDA09212115F5A00E5BB68 /* ofxGui.h */ = {isa = PBXFileReference; fileEncoding = 4; lastKnownFileType = sourcecode.c.h; name = ofxGui.h; path = ../../../addons/ofxGui/ofxGui.h; sourceTree = SOURCE_ROOT; };
		23BDA09312115F5A00E5BB68 /* ofxGuiButton.cpp */ = {isa = PBXFileReference; fileEncoding = 4; lastKnownFileType = sourcecode.cpp.cpp; name = ofxGuiButton.cpp; path = ../../../addons/ofxGui/ofxGuiButton.cpp; sourceTree = SOURCE_ROOT; };
		23BDA09412115F5A00E5BB68 /* ofxGuiButton.h */ = {isa = PBXFileReference; fileEncoding = 4; lastKnownFileType = sourcecode.c.h; name = ofxGuiButton.h; path = ../../../addons/ofxGui/ofxGuiButton.h; sourceTree = SOURCE_ROOT; };
		23BDA09512115F5A00E5BB68 /* ofxGuiColor.cpp */ = {isa = PBXFileReference; fileEncoding = 4; lastKnownFileType = sourcecode.cpp.cpp; name = ofxGuiColor.cpp; path = ../../../addons/ofxGui/ofxGuiColor.cpp; sourceTree = SOURCE_ROOT; };
		23BDA09612115F5A00E5BB68 /* ofxGuiColor.h */ = {isa = PBXFileReference; fileEncoding = 4; lastKnownFileType = sourcecode.c.h; name = ofxGuiColor.h; path = ../../../addons/ofxGui/ofxGuiColor.h; sourceTree = SOURCE_ROOT; };
		23BDA09712115F5A00E5BB68 /* ofxGuiFiles.cpp */ = {isa = PBXFileReference; fileEncoding = 4; lastKnownFileType = sourcecode.cpp.cpp; name = ofxGuiFiles.cpp; path = ../../../addons/ofxGui/ofxGuiFiles.cpp; sourceTree = SOURCE_ROOT; };
		23BDA09812115F5A00E5BB68 /* ofxGuiFiles.h */ = {isa = PBXFileReference; fileEncoding = 4; lastKnownFileType = sourcecode.c.h; name = ofxGuiFiles.h; path = ../../../addons/ofxGui/ofxGuiFiles.h; sourceTree = SOURCE_ROOT; };
		23BDA09912115F5A00E5BB68 /* ofxGuiGlobals.cpp */ = {isa = PBXFileReference; fileEncoding = 4; lastKnownFileType = sourcecode.cpp.cpp; name = ofxGuiGlobals.cpp; path = ../../../addons/ofxGui/ofxGuiGlobals.cpp; sourceTree = SOURCE_ROOT; };
		23BDA09A12115F5A00E5BB68 /* ofxGuiGlobals.h */ = {isa = PBXFileReference; fileEncoding = 4; lastKnownFileType = sourcecode.c.h; name = ofxGuiGlobals.h; path = ../../../addons/ofxGui/ofxGuiGlobals.h; sourceTree = SOURCE_ROOT; };
		23BDA09B12115F5A00E5BB68 /* ofxGuiKnob.cpp */ = {isa = PBXFileReference; fileEncoding = 4; lastKnownFileType = sourcecode.cpp.cpp; name = ofxGuiKnob.cpp; path = ../../../addons/ofxGui/ofxGuiKnob.cpp; sourceTree = SOURCE_ROOT; };
		23BDA09C12115F5A00E5BB68 /* ofxGuiKnob.h */ = {isa = PBXFileReference; fileEncoding = 4; lastKnownFileType = sourcecode.c.h; name = ofxGuiKnob.h; path = ../../../addons/ofxGui/ofxGuiKnob.h; sourceTree = SOURCE_ROOT; };
		23BDA09D12115F5A00E5BB68 /* ofxGuiMatrix.cpp */ = {isa = PBXFileReference; fileEncoding = 4; lastKnownFileType = sourcecode.cpp.cpp; name = ofxGuiMatrix.cpp; path = ../../../addons/ofxGui/ofxGuiMatrix.cpp; sourceTree = SOURCE_ROOT; };
		23BDA09E12115F5A00E5BB68 /* ofxGuiMatrix.h */ = {isa = PBXFileReference; fileEncoding = 4; lastKnownFileType = sourcecode.c.h; name = ofxGuiMatrix.h; path = ../../../addons/ofxGui/ofxGuiMatrix.h; sourceTree = SOURCE_ROOT; };
		23BDA09F12115F5A00E5BB68 /* ofxGuiObject.cpp */ = {isa = PBXFileReference; fileEncoding = 4; lastKnownFileType = sourcecode.cpp.cpp; name = ofxGuiObject.cpp; path = ../../../addons/ofxGui/ofxGuiObject.cpp; sourceTree = SOURCE_ROOT; };
		23BDA0A012115F5A00E5BB68 /* ofxGuiObject.h */ = {isa = PBXFileReference; fileEncoding = 4; lastKnownFileType = sourcecode.c.h; name = ofxGuiObject.h; path = ../../../addons/ofxGui/ofxGuiObject.h; sourceTree = SOURCE_ROOT; };
		23BDA0A112115F5A00E5BB68 /* ofxGuiPanel.cpp */ = {isa = PBXFileReference; fileEncoding = 4; lastKnownFileType = sourcecode.cpp.cpp; name = ofxGuiPanel.cpp; path = ../../../addons/ofxGui/ofxGuiPanel.cpp; sourceTree = SOURCE_ROOT; };
		23BDA0A212115F5A00E5BB68 /* ofxGuiPanel.h */ = {isa = PBXFileReference; fileEncoding = 4; lastKnownFileType = sourcecode.c.h; name = ofxGuiPanel.h; path = ../../../addons/ofxGui/ofxGuiPanel.h; sourceTree = SOURCE_ROOT; };
		23BDA0A312115F5A00E5BB68 /* ofxGuiPoints.cpp */ = {isa = PBXFileReference; fileEncoding = 4; lastKnownFileType = sourcecode.cpp.cpp; name = ofxGuiPoints.cpp; path = ../../../addons/ofxGui/ofxGuiPoints.cpp; sourceTree = SOURCE_ROOT; };
		23BDA0A412115F5A00E5BB68 /* ofxGuiPoints.h */ = {isa = PBXFileReference; fileEncoding = 4; lastKnownFileType = sourcecode.c.h; name = ofxGuiPoints.h; path = ../../../addons/ofxGui/ofxGuiPoints.h; sourceTree = SOURCE_ROOT; };
		23BDA0A512115F5A00E5BB68 /* ofxGuiRadar.cpp */ = {isa = PBXFileReference; fileEncoding = 4; lastKnownFileType = sourcecode.cpp.cpp; name = ofxGuiRadar.cpp; path = ../../../addons/ofxGui/ofxGuiRadar.cpp; sourceTree = SOURCE_ROOT; };
		23BDA0A612115F5A00E5BB68 /* ofxGuiRadar.h */ = {isa = PBXFileReference; fileEncoding = 4; lastKnownFileType = sourcecode.c.h; name = ofxGuiRadar.h; path = ../../../addons/ofxGui/ofxGuiRadar.h; sourceTree = SOURCE_ROOT; };
		23BDA0A712115F5A00E5BB68 /* ofxGuiScope.cpp */ = {isa = PBXFileReference; fileEncoding = 4; lastKnownFileType = sourcecode.cpp.cpp; name = ofxGuiScope.cpp; path = ../../../addons/ofxGui/ofxGuiScope.cpp; sourceTree = SOURCE_ROOT; };
		23BDA0A812115F5A00E5BB68 /* ofxGuiScope.h */ = {isa = PBXFileReference; fileEncoding = 4; lastKnownFileType = sourcecode.c.h; name = ofxGuiScope.h; path = ../../../addons/ofxGui/ofxGuiScope.h; sourceTree = SOURCE_ROOT; };
		23BDA0A912115F5A00E5BB68 /* ofxGuiSlider.cpp */ = {isa = PBXFileReference; fileEncoding = 4; lastKnownFileType = sourcecode.cpp.cpp; name = ofxGuiSlider.cpp; path = ../../../addons/ofxGui/ofxGuiSlider.cpp; sourceTree = SOURCE_ROOT; };
		23BDA0AA12115F5A00E5BB68 /* ofxGuiSlider.h */ = {isa = PBXFileReference; fileEncoding = 4; lastKnownFileType = sourcecode.c.h; name = ofxGuiSlider.h; path = ../../../addons/ofxGui/ofxGuiSlider.h; sourceTree = SOURCE_ROOT; };
		23BDA0AB12115F5A00E5BB68 /* ofxGuiSwitch.cpp */ = {isa = PBXFileReference; fileEncoding = 4; lastKnownFileType = sourcecode.cpp.cpp; name = ofxGuiSwitch.cpp; path = ../../../addons/ofxGui/ofxGuiSwitch.cpp; sourceTree = SOURCE_ROOT; };
		23BDA0AC12115F5A00E5BB68 /* ofxGuiSwitch.h */ = {isa = PBXFileReference; fileEncoding = 4; lastKnownFileType = sourcecode.c.h; name = ofxGuiSwitch.h; path = ../../../addons/ofxGui/ofxGuiSwitch.h; sourceTree = SOURCE_ROOT; };
		23BDA0AD12115F5A00E5BB68 /* ofxGuiTypes.h */ = {isa = PBXFileReference; fileEncoding = 4; lastKnownFileType = sourcecode.c.h; name = ofxGuiTypes.h; path = ../../../addons/ofxGui/ofxGuiTypes.h; sourceTree = SOURCE_ROOT; };
		23BDA0AE12115F5A00E5BB68 /* ofxGuiXyPad.cpp */ = {isa = PBXFileReference; fileEncoding = 4; lastKnownFileType = sourcecode.cpp.cpp; name = ofxGuiXyPad.cpp; path = ../../../addons/ofxGui/ofxGuiXyPad.cpp; sourceTree = SOURCE_ROOT; };
		23BDA0AF12115F5A00E5BB68 /* ofxGuiXyPad.h */ = {isa = PBXFileReference; fileEncoding = 4; lastKnownFileType = sourcecode.c.h; name = ofxGuiXyPad.h; path = ../../../addons/ofxGui/ofxGuiXyPad.h; sourceTree = SOURCE_ROOT; };
		23BDA0B112115F5A00E5BB68 /* ofxNxmlFile.cpp */ = {isa = PBXFileReference; fileEncoding = 4; lastKnownFileType = sourcecode.cpp.cpp; name = ofxNxmlFile.cpp; path = ../../../addons/ofxNxml/ofxNxmlFile.cpp; sourceTree = SOURCE_ROOT; };
		23BDA0B212115F5A00E5BB68 /* ofxNxmlFile.h */ = {isa = PBXFileReference; fileEncoding = 4; lastKnownFileType = sourcecode.c.h; name = ofxNxmlFile.h; path = ../../../addons/ofxNxml/ofxNxmlFile.h; sourceTree = SOURCE_ROOT; };
		23BDA0B312115F5A00E5BB68 /* ofxNxmlObject.cpp */ = {isa = PBXFileReference; fileEncoding = 4; lastKnownFileType = sourcecode.cpp.cpp; name = ofxNxmlObject.cpp; path = ../../../addons/ofxNxml/ofxNxmlObject.cpp; sourceTree = SOURCE_ROOT; };
		23BDA0B412115F5A00E5BB68 /* ofxNxmlObject.h */ = {isa = PBXFileReference; fileEncoding = 4; lastKnownFileType = sourcecode.c.h; name = ofxNxmlObject.h; path = ../../../addons/ofxNxml/ofxNxmlObject.h; sourceTree = SOURCE_ROOT; };
		23BDA0B712115F5A00E5BB68 /* ofxMatrix3x3.cpp */ = {isa = PBXFileReference; fileEncoding = 4; lastKnownFileType = sourcecode.cpp.cpp; name = ofxMatrix3x3.cpp; path = ../../../addons/ofxVectorMath/src/ofxMatrix3x3.cpp; sourceTree = SOURCE_ROOT; };
		23BDA0B812115F5A00E5BB68 /* ofxMatrix3x3.h */ = {isa = PBXFileReference; fileEncoding = 4; lastKnownFileType = sourcecode.c.h; name = ofxMatrix3x3.h; path = ../../../addons/ofxVectorMath/src/ofxMatrix3x3.h; sourceTree = SOURCE_ROOT; };
		23BDA0B912115F5A00E5BB68 /* ofxMatrix4x4.cpp */ = {isa = PBXFileReference; fileEncoding = 4; lastKnownFileType = sourcecode.cpp.cpp; name = ofxMatrix4x4.cpp; path = ../../../addons/ofxVectorMath/src/ofxMatrix4x4.cpp; sourceTree = SOURCE_ROOT; };
		23BDA0BA12115F5A00E5BB68 /* ofxMatrix4x4.h */ = {isa = PBXFileReference; fileEncoding = 4; lastKnownFileType = sourcecode.c.h; name = ofxMatrix4x4.h; path = ../../../addons/ofxVectorMath/src/ofxMatrix4x4.h; sourceTree = SOURCE_ROOT; };
		23BDA0BB12115F5A00E5BB68 /* ofxPoint2f.h */ = {isa = PBXFileReference; fileEncoding = 4; lastKnownFileType = sourcecode.c.h; name = ofxPoint2f.h; path = ../../../addons/ofxVectorMath/src/ofxPoint2f.h; sourceTree = SOURCE_ROOT; };
		23BDA0BC12115F5A00E5BB68 /* ofxPoint3f.h */ = {isa = PBXFileReference; fileEncoding = 4; lastKnownFileType = sourcecode.c.h; name = ofxPoint3f.h; path = ../../../addons/ofxVectorMath/src/ofxPoint3f.h; sourceTree = SOURCE_ROOT; };
		23BDA0BD12115F5A00E5BB68 /* ofxPoint4f.h */ = {isa = PBXFileReference; fileEncoding = 4; lastKnownFileType = sourcecode.c.h; name = ofxPoint4f.h; path = ../../../addons/ofxVectorMath/src/ofxPoint4f.h; sourceTree = SOURCE_ROOT; };
		23BDA0BE12115F5A00E5BB68 /* ofxQuaternion.cpp */ = {isa = PBXFileReference; fileEncoding = 4; lastKnownFileType = sourcecode.cpp.cpp; name = ofxQuaternion.cpp; path = ../../../addons/ofxVectorMath/src/ofxQuaternion.cpp; sourceTree = SOURCE_ROOT; };
		23BDA0BF12115F5A00E5BB68 /* ofxQuaternion.h */ = {isa = PBXFileReference; fileEncoding = 4; lastKnownFileType = sourcecode.c.h; name = ofxQuaternion.h; path = ../../../addons/ofxVectorMath/src/ofxQuaternion.h; sourceTree = SOURCE_ROOT; };
		23BDA0C012115F5A00E5BB68 /* ofxVec2f.h */ = {isa = PBXFileReference; fileEncoding = 4; lastKnownFileType = sourcecode.c.h; name = ofxVec2f.h; path = ../../../addons/ofxVectorMath/src/ofxVec2f.h; sourceTree = SOURCE_ROOT; };
		23BDA0C112115F5A00E5BB68 /* ofxVec3f.h */ = {isa = PBXFileReference; fileEncoding = 4; lastKnownFileType = sourcecode.c.h; name = ofxVec3f.h; path = ../../../addons/ofxVectorMath/src/ofxVec3f.h; sourceTree = SOURCE_ROOT; };
		23BDA0C212115F5A00E5BB68 /* ofxVec4f.h */ = {isa = PBXFileReference; fileEncoding = 4; lastKnownFileType = sourcecode.c.h; name = ofxVec4f.h; path = ../../../addons/ofxVectorMath/src/ofxVec4f.h; sourceTree = SOURCE_ROOT; };
		23BDA0C312115F5A00E5BB68 /* ofxVectorMath.h */ = {isa = PBXFileReference; fileEncoding = 4; lastKnownFileType = sourcecode.c.h; name = ofxVectorMath.h; path = ../../../addons/ofxVectorMath/src/ofxVectorMath.h; sourceTree = SOURCE_ROOT; };
		23BDA0C612115F5A00E5BB68 /* mongoose.c */ = {isa = PBXFileReference; fileEncoding = 4; lastKnownFileType = sourcecode.c.c; name = mongoose.c; path = ../../../addons/ofxWebServer/lib/mongoose.c; sourceTree = SOURCE_ROOT; };
		23BDA0C712115F5A00E5BB68 /* mongoose.h */ = {isa = PBXFileReference; fileEncoding = 4; lastKnownFileType = sourcecode.c.h; name = mongoose.h; path = ../../../addons/ofxWebServer/lib/mongoose.h; sourceTree = SOURCE_ROOT; };
		23BDA0C912115F5A00E5BB68 /* ofxWebServer.cpp */ = {isa = PBXFileReference; fileEncoding = 4; lastKnownFileType = sourcecode.cpp.cpp; name = ofxWebServer.cpp; path = ../../../addons/ofxWebServer/src/ofxWebServer.cpp; sourceTree = SOURCE_ROOT; };
		23BDA0CA12115F5A00E5BB68 /* ofxWebServer.h */ = {isa = PBXFileReference; fileEncoding = 4; lastKnownFileType = sourcecode.c.h; name = ofxWebServer.h; path = ../../../addons/ofxWebServer/src/ofxWebServer.h; sourceTree = SOURCE_ROOT; };
		23BDA0CB12115F5A00E5BB68 /* ofxWSRequestHandler.cpp */ = {isa = PBXFileReference; fileEncoding = 4; lastKnownFileType = sourcecode.cpp.cpp; name = ofxWSRequestHandler.cpp; path = ../../../addons/ofxWebServer/src/ofxWSRequestHandler.cpp; sourceTree = SOURCE_ROOT; };
		23BDA0CC12115F5A00E5BB68 /* ofxWSRequestHandler.h */ = {isa = PBXFileReference; fileEncoding = 4; lastKnownFileType = sourcecode.c.h; name = ofxWSRequestHandler.h; path = ../../../addons/ofxWebServer/src/ofxWSRequestHandler.h; sourceTree = SOURCE_ROOT; };
		23BDA0CF12115F5A00E5BB68 /* tinyxml.cpp */ = {isa = PBXFileReference; fileEncoding = 4; lastKnownFileType = sourcecode.cpp.cpp; name = tinyxml.cpp; path = ../../../addons/ofxXmlSettings/libs/tinyxml.cpp; sourceTree = SOURCE_ROOT; };
		23BDA0D012115F5A00E5BB68 /* tinyxml.h */ = {isa = PBXFileReference; fileEncoding = 4; lastKnownFileType = sourcecode.c.h; name = tinyxml.h; path = ../../../addons/ofxXmlSettings/libs/tinyxml.h; sourceTree = SOURCE_ROOT; };
		23BDA0D112115F5A00E5BB68 /* tinyxmlerror.cpp */ = {isa = PBXFileReference; fileEncoding = 4; lastKnownFileType = sourcecode.cpp.cpp; name = tinyxmlerror.cpp; path = ../../../addons/ofxXmlSettings/libs/tinyxmlerror.cpp; sourceTree = SOURCE_ROOT; };
		23BDA0D212115F5A00E5BB68 /* tinyxmlparser.cpp */ = {isa = PBXFileReference; fileEncoding = 4; lastKnownFileType = sourcecode.cpp.cpp; name = tinyxmlparser.cpp; path = ../../../addons/ofxXmlSettings/libs/tinyxmlparser.cpp; sourceTree = SOURCE_ROOT; };
		23BDA0D412115F5A00E5BB68 /* ofxXmlSettings.cpp */ = {isa = PBXFileReference; fileEncoding = 4; lastKnownFileType = sourcecode.cpp.cpp; name = ofxXmlSettings.cpp; path = ../../../addons/ofxXmlSettings/src/ofxXmlSettings.cpp; sourceTree = SOURCE_ROOT; };
		23BDA0D512115F5A00E5BB68 /* ofxXmlSettings.h */ = {isa = PBXFileReference; fileEncoding = 4; lastKnownFileType = sourcecode.c.h; name = ofxXmlSettings.h; path = ../../../addons/ofxXmlSettings/src/ofxXmlSettings.h; sourceTree = SOURCE_ROOT; };
		23BDA1031211612500E5BB68 /* ccwServer.cpp */ = {isa = PBXFileReference; fileEncoding = 4; lastKnownFileType = sourcecode.cpp.cpp; path = ccwServer.cpp; sourceTree = "<group>"; };
		23BDA1041211612500E5BB68 /* ccwServer.h */ = {isa = PBXFileReference; fileEncoding = 4; lastKnownFileType = sourcecode.c.h; path = ccwServer.h; sourceTree = "<group>"; };
		23EC44C2121BFE39001CA255 /* ofxSimpleGuiButton.cpp */ = {isa = PBXFileReference; fileEncoding = 4; lastKnownFileType = sourcecode.cpp.cpp; name = ofxSimpleGuiButton.cpp; path = ../../../addons/ofxSimpleGuiToo/src/Controls/ofxSimpleGuiButton.cpp; sourceTree = SOURCE_ROOT; };
		23EC44C3121BFE39001CA255 /* ofxSimpleGuiButton.h */ = {isa = PBXFileReference; fileEncoding = 4; lastKnownFileType = sourcecode.c.h; name = ofxSimpleGuiButton.h; path = ../../../addons/ofxSimpleGuiToo/src/Controls/ofxSimpleGuiButton.h; sourceTree = SOURCE_ROOT; };
		23EC44C4121BFE39001CA255 /* ofxSimpleGuiColorPicker.cpp */ = {isa = PBXFileReference; fileEncoding = 4; lastKnownFileType = sourcecode.cpp.cpp; name = ofxSimpleGuiColorPicker.cpp; path = ../../../addons/ofxSimpleGuiToo/src/Controls/ofxSimpleGuiColorPicker.cpp; sourceTree = SOURCE_ROOT; };
		23EC44C5121BFE39001CA255 /* ofxSimpleGuiColorPicker.h */ = {isa = PBXFileReference; fileEncoding = 4; lastKnownFileType = sourcecode.c.h; name = ofxSimpleGuiColorPicker.h; path = ../../../addons/ofxSimpleGuiToo/src/Controls/ofxSimpleGuiColorPicker.h; sourceTree = SOURCE_ROOT; };
		23EC44C6121BFE39001CA255 /* ofxSimpleGuiComboBox.cpp */ = {isa = PBXFileReference; fileEncoding = 4; lastKnownFileType = sourcecode.cpp.cpp; name = ofxSimpleGuiComboBox.cpp; path = ../../../addons/ofxSimpleGuiToo/src/Controls/ofxSimpleGuiComboBox.cpp; sourceTree = SOURCE_ROOT; };
		23EC44C7121BFE39001CA255 /* ofxSimpleGuiComboBox.h */ = {isa = PBXFileReference; fileEncoding = 4; lastKnownFileType = sourcecode.c.h; name = ofxSimpleGuiComboBox.h; path = ../../../addons/ofxSimpleGuiToo/src/Controls/ofxSimpleGuiComboBox.h; sourceTree = SOURCE_ROOT; };
		23EC44C8121BFE39001CA255 /* ofxSimpleGuiContent.cpp */ = {isa = PBXFileReference; fileEncoding = 4; lastKnownFileType = sourcecode.cpp.cpp; name = ofxSimpleGuiContent.cpp; path = ../../../addons/ofxSimpleGuiToo/src/Controls/ofxSimpleGuiContent.cpp; sourceTree = SOURCE_ROOT; };
		23EC44C9121BFE39001CA255 /* ofxSimpleGuiContent.h */ = {isa = PBXFileReference; fileEncoding = 4; lastKnownFileType = sourcecode.c.h; name = ofxSimpleGuiContent.h; path = ../../../addons/ofxSimpleGuiToo/src/Controls/ofxSimpleGuiContent.h; sourceTree = SOURCE_ROOT; };
		23EC44CA121BFE39001CA255 /* ofxSimpleGuiFPSCounter.cpp */ = {isa = PBXFileReference; fileEncoding = 4; lastKnownFileType = sourcecode.cpp.cpp; name = ofxSimpleGuiFPSCounter.cpp; path = ../../../addons/ofxSimpleGuiToo/src/Controls/ofxSimpleGuiFPSCounter.cpp; sourceTree = SOURCE_ROOT; };
		23EC44CB121BFE39001CA255 /* ofxSimpleGuiFPSCounter.h */ = {isa = PBXFileReference; fileEncoding = 4; lastKnownFileType = sourcecode.c.h; name = ofxSimpleGuiFPSCounter.h; path = ../../../addons/ofxSimpleGuiToo/src/Controls/ofxSimpleGuiFPSCounter.h; sourceTree = SOURCE_ROOT; };
		23EC44CC121BFE39001CA255 /* ofxSimpleGuiMovieSlider.cpp */ = {isa = PBXFileReference; fileEncoding = 4; lastKnownFileType = sourcecode.cpp.cpp; name = ofxSimpleGuiMovieSlider.cpp; path = ../../../addons/ofxSimpleGuiToo/src/Controls/ofxSimpleGuiMovieSlider.cpp; sourceTree = SOURCE_ROOT; };
		23EC44CD121BFE39001CA255 /* ofxSimpleGuiMovieSlider.h */ = {isa = PBXFileReference; fileEncoding = 4; lastKnownFileType = sourcecode.c.h; name = ofxSimpleGuiMovieSlider.h; path = ../../../addons/ofxSimpleGuiToo/src/Controls/ofxSimpleGuiMovieSlider.h; sourceTree = SOURCE_ROOT; };
		23EC44CE121BFE39001CA255 /* ofxSimpleGuiQuadWarp.cpp */ = {isa = PBXFileReference; fileEncoding = 4; lastKnownFileType = sourcecode.cpp.cpp; name = ofxSimpleGuiQuadWarp.cpp; path = ../../../addons/ofxSimpleGuiToo/src/Controls/ofxSimpleGuiQuadWarp.cpp; sourceTree = SOURCE_ROOT; };
		23EC44CF121BFE39001CA255 /* ofxSimpleGuiQuadWarp.h */ = {isa = PBXFileReference; fileEncoding = 4; lastKnownFileType = sourcecode.c.h; name = ofxSimpleGuiQuadWarp.h; path = ../../../addons/ofxSimpleGuiToo/src/Controls/ofxSimpleGuiQuadWarp.h; sourceTree = SOURCE_ROOT; };
		23EC44D0121BFE39001CA255 /* ofxSimpleGuiSlider2d.cpp */ = {isa = PBXFileReference; fileEncoding = 4; lastKnownFileType = sourcecode.cpp.cpp; name = ofxSimpleGuiSlider2d.cpp; path = ../../../addons/ofxSimpleGuiToo/src/Controls/ofxSimpleGuiSlider2d.cpp; sourceTree = SOURCE_ROOT; };
		23EC44D1121BFE39001CA255 /* ofxSimpleGuiSlider2d.h */ = {isa = PBXFileReference; fileEncoding = 4; lastKnownFileType = sourcecode.c.h; name = ofxSimpleGuiSlider2d.h; path = ../../../addons/ofxSimpleGuiToo/src/Controls/ofxSimpleGuiSlider2d.h; sourceTree = SOURCE_ROOT; };
		23EC44D2121BFE39001CA255 /* ofxSimpleGuiSliderBase.h */ = {isa = PBXFileReference; fileEncoding = 4; lastKnownFileType = sourcecode.c.h; name = ofxSimpleGuiSliderBase.h; path = ../../../addons/ofxSimpleGuiToo/src/Controls/ofxSimpleGuiSliderBase.h; sourceTree = SOURCE_ROOT; };
		23EC44D3121BFE39001CA255 /* ofxSimpleGuiSliderFloat.h */ = {isa = PBXFileReference; fileEncoding = 4; lastKnownFileType = sourcecode.c.h; name = ofxSimpleGuiSliderFloat.h; path = ../../../addons/ofxSimpleGuiToo/src/Controls/ofxSimpleGuiSliderFloat.h; sourceTree = SOURCE_ROOT; };
		23EC44D4121BFE39001CA255 /* ofxSimpleGuiSliderInt.h */ = {isa = PBXFileReference; fileEncoding = 4; lastKnownFileType = sourcecode.c.h; name = ofxSimpleGuiSliderInt.h; path = ../../../addons/ofxSimpleGuiToo/src/Controls/ofxSimpleGuiSliderInt.h; sourceTree = SOURCE_ROOT; };
		23EC44D5121BFE39001CA255 /* ofxSimpleGuiTitle.cpp */ = {isa = PBXFileReference; fileEncoding = 4; lastKnownFileType = sourcecode.cpp.cpp; name = ofxSimpleGuiTitle.cpp; path = ../../../addons/ofxSimpleGuiToo/src/Controls/ofxSimpleGuiTitle.cpp; sourceTree = SOURCE_ROOT; };
		23EC44D6121BFE39001CA255 /* ofxSimpleGuiTitle.h */ = {isa = PBXFileReference; fileEncoding = 4; lastKnownFileType = sourcecode.c.h; name = ofxSimpleGuiTitle.h; path = ../../../addons/ofxSimpleGuiToo/src/Controls/ofxSimpleGuiTitle.h; sourceTree = SOURCE_ROOT; };
		23EC44D7121BFE39001CA255 /* ofxSimpleGuiToggle.cpp */ = {isa = PBXFileReference; fileEncoding = 4; lastKnownFileType = sourcecode.cpp.cpp; name = ofxSimpleGuiToggle.cpp; path = ../../../addons/ofxSimpleGuiToo/src/Controls/ofxSimpleGuiToggle.cpp; sourceTree = SOURCE_ROOT; };
		23EC44D8121BFE39001CA255 /* ofxSimpleGuiToggle.h */ = {isa = PBXFileReference; fileEncoding = 4; lastKnownFileType = sourcecode.c.h; name = ofxSimpleGuiToggle.h; path = ../../../addons/ofxSimpleGuiToo/src/Controls/ofxSimpleGuiToggle.h; sourceTree = SOURCE_ROOT; };
		23EC44D9121BFE39001CA255 /* ofxSimpleGuiConfig.cpp */ = {isa = PBXFileReference; fileEncoding = 4; lastKnownFileType = sourcecode.cpp.cpp; name = ofxSimpleGuiConfig.cpp; path = ../../../addons/ofxSimpleGuiToo/src/ofxSimpleGuiConfig.cpp; sourceTree = SOURCE_ROOT; };
		23EC44DA121BFE39001CA255 /* ofxSimpleGuiConfig.h */ = {isa = PBXFileReference; fileEncoding = 4; lastKnownFileType = sourcecode.c.h; name = ofxSimpleGuiConfig.h; path = ../../../addons/ofxSimpleGuiToo/src/ofxSimpleGuiConfig.h; sourceTree = SOURCE_ROOT; };
		23EC44DB121BFE39001CA255 /* ofxSimpleGuiControl.cpp */ = {isa = PBXFileReference; fileEncoding = 4; lastKnownFileType = sourcecode.cpp.cpp; name = ofxSimpleGuiControl.cpp; path = ../../../addons/ofxSimpleGuiToo/src/ofxSimpleGuiControl.cpp; sourceTree = SOURCE_ROOT; };
		23EC44DC121BFE39001CA255 /* ofxSimpleGuiControl.h */ = {isa = PBXFileReference; fileEncoding = 4; lastKnownFileType = sourcecode.c.h; name = ofxSimpleGuiControl.h; path = ../../../addons/ofxSimpleGuiToo/src/ofxSimpleGuiControl.h; sourceTree = SOURCE_ROOT; };
		23EC44DD121BFE39001CA255 /* ofxSimpleGuiIncludes.h */ = {isa = PBXFileReference; fileEncoding = 4; lastKnownFileType = sourcecode.c.h; name = ofxSimpleGuiIncludes.h; path = ../../../addons/ofxSimpleGuiToo/src/ofxSimpleGuiIncludes.h; sourceTree = SOURCE_ROOT; };
		23EC44DE121BFE39001CA255 /* ofxSimpleGuiPage.cpp */ = {isa = PBXFileReference; fileEncoding = 4; lastKnownFileType = sourcecode.cpp.cpp; name = ofxSimpleGuiPage.cpp; path = ../../../addons/ofxSimpleGuiToo/src/ofxSimpleGuiPage.cpp; sourceTree = SOURCE_ROOT; };
		23EC44DF121BFE39001CA255 /* ofxSimpleGuiPage.h */ = {isa = PBXFileReference; fileEncoding = 4; lastKnownFileType = sourcecode.c.h; name = ofxSimpleGuiPage.h; path = ../../../addons/ofxSimpleGuiToo/src/ofxSimpleGuiPage.h; sourceTree = SOURCE_ROOT; };
		23EC44E0121BFE39001CA255 /* ofxSimpleGuiToo.cpp */ = {isa = PBXFileReference; fileEncoding = 4; lastKnownFileType = sourcecode.cpp.cpp; name = ofxSimpleGuiToo.cpp; path = ../../../addons/ofxSimpleGuiToo/src/ofxSimpleGuiToo.cpp; sourceTree = SOURCE_ROOT; };
		23EC44E1121BFE39001CA255 /* ofxSimpleGuiToo.h */ = {isa = PBXFileReference; fileEncoding = 4; lastKnownFileType = sourcecode.c.h; name = ofxSimpleGuiToo.h; path = ../../../addons/ofxSimpleGuiToo/src/ofxSimpleGuiToo.h; sourceTree = SOURCE_ROOT; };
		23EC44FD121BFE82001CA255 /* ofxMSAInteractiveObject.cpp */ = {isa = PBXFileReference; fileEncoding = 4; lastKnownFileType = sourcecode.cpp.cpp; name = ofxMSAInteractiveObject.cpp; path = ../../../addons/ofxMSAInteractiveObject/src/ofxMSAInteractiveObject.cpp; sourceTree = SOURCE_ROOT; };
		23EC44FE121BFE82001CA255 /* ofxMSAInteractiveObject.h */ = {isa = PBXFileReference; fileEncoding = 4; lastKnownFileType = sourcecode.c.h; name = ofxMSAInteractiveObject.h; path = ../../../addons/ofxMSAInteractiveObject/src/ofxMSAInteractiveObject.h; sourceTree = SOURCE_ROOT; };
		23EC45EC121C2E44001CA255 /* ccwConfigResponse.cpp */ = {isa = PBXFileReference; fileEncoding = 4; lastKnownFileType = sourcecode.cpp.cpp; name = ccwConfigResponse.cpp; path = responses/ccwConfigResponse.cpp; sourceTree = "<group>"; };
		23EC45ED121C2E44001CA255 /* ccwConfigResponse.h */ = {isa = PBXFileReference; fileEncoding = 4; lastKnownFileType = sourcecode.c.h; name = ccwConfigResponse.h; path = responses/ccwConfigResponse.h; sourceTree = "<group>"; };
		23EC45F7121C2E6F001CA255 /* ccwPlugin.cpp */ = {isa = PBXFileReference; fileEncoding = 4; lastKnownFileType = sourcecode.cpp.cpp; name = ccwPlugin.cpp; path = src/plugins/ccwPlugin.cpp; sourceTree = SOURCE_ROOT; };
		23EC45F8121C2E6F001CA255 /* ccwPlugin.h */ = {isa = PBXFileReference; fileEncoding = 4; lastKnownFileType = sourcecode.c.h; name = ccwPlugin.h; path = src/plugins/ccwPlugin.h; sourceTree = SOURCE_ROOT; };
		E45BE0390E8CC647009D7055 /* FreeImage.h */ = {isa = PBXFileReference; fileEncoding = 4; lastKnownFileType = sourcecode.c.h; name = FreeImage.h; path = ../../../libs/freeimage/include/FreeImage.h; sourceTree = SOURCE_ROOT; };
		E45BE03F0E8CC650009D7055 /* fmod.h */ = {isa = PBXFileReference; fileEncoding = 4; lastKnownFileType = sourcecode.c.h; name = fmod.h; path = ../../../libs/fmodex/include/fmod.h; sourceTree = SOURCE_ROOT; };
		E45BE0400E8CC650009D7055 /* fmod.hpp */ = {isa = PBXFileReference; fileEncoding = 4; lastKnownFileType = sourcecode.cpp.h; name = fmod.hpp; path = ../../../libs/fmodex/include/fmod.hpp; sourceTree = SOURCE_ROOT; };
		E45BE0410E8CC650009D7055 /* fmod_codec.h */ = {isa = PBXFileReference; fileEncoding = 4; lastKnownFileType = sourcecode.c.h; name = fmod_codec.h; path = ../../../libs/fmodex/include/fmod_codec.h; sourceTree = SOURCE_ROOT; };
		E45BE0420E8CC650009D7055 /* fmod_dsp.h */ = {isa = PBXFileReference; fileEncoding = 4; lastKnownFileType = sourcecode.c.h; name = fmod_dsp.h; path = ../../../libs/fmodex/include/fmod_dsp.h; sourceTree = SOURCE_ROOT; };
		E45BE0430E8CC650009D7055 /* fmod_errors.h */ = {isa = PBXFileReference; fileEncoding = 4; lastKnownFileType = sourcecode.c.h; name = fmod_errors.h; path = ../../../libs/fmodex/include/fmod_errors.h; sourceTree = SOURCE_ROOT; };
		E45BE0440E8CC650009D7055 /* fmod_output.h */ = {isa = PBXFileReference; fileEncoding = 4; lastKnownFileType = sourcecode.c.h; name = fmod_output.h; path = ../../../libs/fmodex/include/fmod_output.h; sourceTree = SOURCE_ROOT; };
		E45BE0A70E8CC67C009D7055 /* GLee.h */ = {isa = PBXFileReference; fileEncoding = 4; lastKnownFileType = sourcecode.c.h; name = GLee.h; path = ../../../libs/GLee/include/GLee.h; sourceTree = SOURCE_ROOT; };
		E45BE0A90E8CC67C009D7055 /* GLee.a */ = {isa = PBXFileReference; lastKnownFileType = archive.ar; name = GLee.a; path = ../../../libs/GLee/lib/osx/GLee.a; sourceTree = SOURCE_ROOT; };
		E45BE2E00E8CC69C009D7055 /* RtAudio.h */ = {isa = PBXFileReference; fileEncoding = 4; lastKnownFileType = sourcecode.c.h; name = RtAudio.h; path = ../../../libs/rtAudio/include/RtAudio.h; sourceTree = SOURCE_ROOT; };
		E45BE2E10E8CC69C009D7055 /* RtError.h */ = {isa = PBXFileReference; fileEncoding = 4; lastKnownFileType = sourcecode.c.h; name = RtError.h; path = ../../../libs/rtAudio/include/RtError.h; sourceTree = SOURCE_ROOT; };
		E45BE2E30E8CC69C009D7055 /* rtAudio.a */ = {isa = PBXFileReference; lastKnownFileType = archive.ar; name = rtAudio.a; path = ../../../libs/rtAudio/lib/osx/rtAudio.a; sourceTree = SOURCE_ROOT; };
		E45BE9710E8CC7DD009D7055 /* AGL.framework */ = {isa = PBXFileReference; lastKnownFileType = wrapper.framework; name = AGL.framework; path = /System/Library/Frameworks/AGL.framework; sourceTree = "<absolute>"; };
		E45BE9720E8CC7DD009D7055 /* ApplicationServices.framework */ = {isa = PBXFileReference; lastKnownFileType = wrapper.framework; name = ApplicationServices.framework; path = /System/Library/Frameworks/ApplicationServices.framework; sourceTree = "<absolute>"; };
		E45BE9730E8CC7DD009D7055 /* AudioToolbox.framework */ = {isa = PBXFileReference; lastKnownFileType = wrapper.framework; name = AudioToolbox.framework; path = /System/Library/Frameworks/AudioToolbox.framework; sourceTree = "<absolute>"; };
		E45BE9740E8CC7DD009D7055 /* Carbon.framework */ = {isa = PBXFileReference; lastKnownFileType = wrapper.framework; name = Carbon.framework; path = /System/Library/Frameworks/Carbon.framework; sourceTree = "<absolute>"; };
		E45BE9750E8CC7DD009D7055 /* CoreAudio.framework */ = {isa = PBXFileReference; lastKnownFileType = wrapper.framework; name = CoreAudio.framework; path = /System/Library/Frameworks/CoreAudio.framework; sourceTree = "<absolute>"; };
		E45BE9760E8CC7DD009D7055 /* CoreFoundation.framework */ = {isa = PBXFileReference; lastKnownFileType = wrapper.framework; name = CoreFoundation.framework; path = /System/Library/Frameworks/CoreFoundation.framework; sourceTree = "<absolute>"; };
		E45BE9770E8CC7DD009D7055 /* CoreServices.framework */ = {isa = PBXFileReference; lastKnownFileType = wrapper.framework; name = CoreServices.framework; path = /System/Library/Frameworks/CoreServices.framework; sourceTree = "<absolute>"; };
		E45BE9790E8CC7DD009D7055 /* OpenGL.framework */ = {isa = PBXFileReference; lastKnownFileType = wrapper.framework; name = OpenGL.framework; path = /System/Library/Frameworks/OpenGL.framework; sourceTree = "<absolute>"; };
		E45BE97A0E8CC7DD009D7055 /* QuickTime.framework */ = {isa = PBXFileReference; lastKnownFileType = wrapper.framework; name = QuickTime.framework; path = /System/Library/Frameworks/QuickTime.framework; sourceTree = "<absolute>"; };
		E4B69B5B0A3A1756003C02F2 /* CommunityCoreWebDebug.app */ = {isa = PBXFileReference; explicitFileType = wrapper.application; includeInIndex = 0; path = CommunityCoreWebDebug.app; sourceTree = BUILT_PRODUCTS_DIR; };
		E4B69E1D0A3A1BDC003C02F2 /* main.cpp */ = {isa = PBXFileReference; fileEncoding = 30; lastKnownFileType = sourcecode.cpp.cpp; name = main.cpp; path = src/main.cpp; sourceTree = SOURCE_ROOT; };
		E4C2421610CC549C004149E2 /* openFrameworksLib.xcodeproj */ = {isa = PBXFileReference; lastKnownFileType = "wrapper.pb-project"; name = openFrameworksLib.xcodeproj; path = ../../../libs/openFrameworksCompiled/project/osx/openFrameworksLib.xcodeproj; sourceTree = SOURCE_ROOT; };
		E4C2424410CC5A17004149E2 /* AppKit.framework */ = {isa = PBXFileReference; lastKnownFileType = wrapper.framework; name = AppKit.framework; path = /System/Library/Frameworks/AppKit.framework; sourceTree = "<absolute>"; };
		E4C2424510CC5A17004149E2 /* Cocoa.framework */ = {isa = PBXFileReference; lastKnownFileType = wrapper.framework; name = Cocoa.framework; path = /System/Library/Frameworks/Cocoa.framework; sourceTree = "<absolute>"; };
		E4C2424610CC5A17004149E2 /* IOKit.framework */ = {isa = PBXFileReference; lastKnownFileType = wrapper.framework; name = IOKit.framework; path = /System/Library/Frameworks/IOKit.framework; sourceTree = "<absolute>"; };
		E4C2425F10CC5A78004149E2 /* GLUT.framework */ = {isa = PBXFileReference; lastKnownFileType = wrapper.framework; name = GLUT.framework; path = ../../../libs/glut/lib/osx/GLUT.framework; sourceTree = SOURCE_ROOT; };
		E4C2427A10CC5B66004149E2 /* CppUnit.a */ = {isa = PBXFileReference; lastKnownFileType = archive.ar; name = CppUnit.a; path = ../../../libs/poco/lib/osx/CppUnit.a; sourceTree = SOURCE_ROOT; };
		E4C2427B10CC5B66004149E2 /* PocoFoundation.a */ = {isa = PBXFileReference; lastKnownFileType = archive.ar; name = PocoFoundation.a; path = ../../../libs/poco/lib/osx/PocoFoundation.a; sourceTree = SOURCE_ROOT; };
		E4C2427C10CC5B66004149E2 /* PocoNet.a */ = {isa = PBXFileReference; lastKnownFileType = archive.ar; name = PocoNet.a; path = ../../../libs/poco/lib/osx/PocoNet.a; sourceTree = SOURCE_ROOT; };
		E4C2427D10CC5B66004149E2 /* PocoUtil.a */ = {isa = PBXFileReference; lastKnownFileType = archive.ar; name = PocoUtil.a; path = ../../../libs/poco/lib/osx/PocoUtil.a; sourceTree = SOURCE_ROOT; };
		E4C2427E10CC5B66004149E2 /* PocoXML.a */ = {isa = PBXFileReference; lastKnownFileType = archive.ar; name = PocoXML.a; path = ../../../libs/poco/lib/osx/PocoXML.a; sourceTree = SOURCE_ROOT; };
		E4C2429310CC5C38004149E2 /* freetype.a */ = {isa = PBXFileReference; lastKnownFileType = archive.ar; name = freetype.a; path = ../../../libs/freetype/lib/osx/freetype.a; sourceTree = SOURCE_ROOT; };
		E4C242CC10CC650E004149E2 /* libfmodex.dylib */ = {isa = PBXFileReference; lastKnownFileType = "compiled.mach-o.dylib"; name = libfmodex.dylib; path = ../../../libs/fmodex/lib/osx/libfmodex.dylib; sourceTree = SOURCE_ROOT; };
		E4C246D910CCAE22004149E2 /* freeimage.a */ = {isa = PBXFileReference; lastKnownFileType = archive.ar; name = freeimage.a; path = ../../../libs/FreeImage/lib/osx/freeimage.a; sourceTree = SOURCE_ROOT; };
/* End PBXFileReference section */

/* Begin PBXFrameworksBuildPhase section */
		E4B69B590A3A1756003C02F2 /* Frameworks */ = {
			isa = PBXFrameworksBuildPhase;
			buildActionMask = 2147483647;
			files = (
				E4C2422B10CC554B004149E2 /* openFrameworksDebug.a in Frameworks */,
				E45BE0AA0E8CC67C009D7055 /* GLee.a in Frameworks */,
				E45BE2E40E8CC69C009D7055 /* rtAudio.a in Frameworks */,
				E45BE97B0E8CC7DD009D7055 /* AGL.framework in Frameworks */,
				E45BE97C0E8CC7DD009D7055 /* ApplicationServices.framework in Frameworks */,
				E45BE97D0E8CC7DD009D7055 /* AudioToolbox.framework in Frameworks */,
				E45BE97E0E8CC7DD009D7055 /* Carbon.framework in Frameworks */,
				E45BE97F0E8CC7DD009D7055 /* CoreAudio.framework in Frameworks */,
				E45BE9800E8CC7DD009D7055 /* CoreFoundation.framework in Frameworks */,
				E45BE9810E8CC7DD009D7055 /* CoreServices.framework in Frameworks */,
				E45BE9830E8CC7DD009D7055 /* OpenGL.framework in Frameworks */,
				E45BE9840E8CC7DD009D7055 /* QuickTime.framework in Frameworks */,
				E4C2424710CC5A17004149E2 /* AppKit.framework in Frameworks */,
				E4C2424810CC5A17004149E2 /* Cocoa.framework in Frameworks */,
				E4C2424910CC5A17004149E2 /* IOKit.framework in Frameworks */,
				E4C2426610CC5A78004149E2 /* GLUT.framework in Frameworks */,
				E4C2427F10CC5B66004149E2 /* CppUnit.a in Frameworks */,
				E4C2428010CC5B66004149E2 /* PocoFoundation.a in Frameworks */,
				E4C2428110CC5B66004149E2 /* PocoNet.a in Frameworks */,
				E4C2428210CC5B66004149E2 /* PocoUtil.a in Frameworks */,
				E4C2428310CC5B66004149E2 /* PocoXML.a in Frameworks */,
				E4C2429410CC5C38004149E2 /* freetype.a in Frameworks */,
				E4C242CD10CC650E004149E2 /* libfmodex.dylib in Frameworks */,
				E4C246DA10CCAE22004149E2 /* freeimage.a in Frameworks */,
			);
			runOnlyForDeploymentPostprocessing = 0;
		};
/* End PBXFrameworksBuildPhase section */

/* Begin PBXGroup section */
		23978FB0121B799B004532B7 /* ofxWebSimpleGuiToo */ = {
			isa = PBXGroup;
			children = (
				23978FC1121B799B004532B7 /* src */,
			);
			name = ofxWebSimpleGuiToo;
			path = ../../../addons/ofxWebSimpleGuiToo;
			sourceTree = SOURCE_ROOT;
		};
		23978FC1121B799B004532B7 /* src */ = {
			isa = PBXGroup;
			children = (
				23978FC2121B799B004532B7 /* ofxWebSimpleGuiToo.cpp */,
				23978FC3121B799B004532B7 /* ofxWebSimpleGuiToo.h */,
			);
			name = src;
			path = ../../../addons/ofxWebSimpleGuiToo/src;
			sourceTree = SOURCE_ROOT;
		};
		23BDA08A12115F5A00E5BB68 /* addons */ = {
			isa = PBXGroup;
			children = (
				23EC44FB121BFE82001CA255 /* ofxMSAInteractiveObject */,
				23EC44BF121BFE39001CA255 /* ofxSimpleGuiToo */,
				23978FB0121B799B004532B7 /* ofxWebSimpleGuiToo */,
				23BDA08B12115F5A00E5BB68 /* ofAddons.h */,
				23BDA08C12115F5A00E5BB68 /* ofxDirList */,
				23BDA09012115F5A00E5BB68 /* ofxGui */,
				23BDA0B012115F5A00E5BB68 /* ofxNxml */,
				23BDA0B512115F5A00E5BB68 /* ofxVectorMath */,
				23BDA0C412115F5A00E5BB68 /* ofxWebServer */,
				23BDA0CD12115F5A00E5BB68 /* ofxXmlSettings */,
			);
			name = addons;
			path = ../../../addons;
			sourceTree = SOURCE_ROOT;
		};
		23BDA08C12115F5A00E5BB68 /* ofxDirList */ = {
			isa = PBXGroup;
			children = (
				23BDA08D12115F5A00E5BB68 /* src */,
			);
			name = ofxDirList;
			path = ../../../addons/ofxDirList;
			sourceTree = SOURCE_ROOT;
		};
		23BDA08D12115F5A00E5BB68 /* src */ = {
			isa = PBXGroup;
			children = (
				23BDA08E12115F5A00E5BB68 /* ofxDirList.cpp */,
				23BDA08F12115F5A00E5BB68 /* ofxDirList.h */,
			);
			name = src;
			path = ../../../addons/ofxDirList/src;
			sourceTree = SOURCE_ROOT;
		};
		23BDA09012115F5A00E5BB68 /* ofxGui */ = {
			isa = PBXGroup;
			children = (
				23BDA09112115F5A00E5BB68 /* ofxGui.cpp */,
				23BDA09212115F5A00E5BB68 /* ofxGui.h */,
				23BDA09312115F5A00E5BB68 /* ofxGuiButton.cpp */,
				23BDA09412115F5A00E5BB68 /* ofxGuiButton.h */,
				23BDA09512115F5A00E5BB68 /* ofxGuiColor.cpp */,
				23BDA09612115F5A00E5BB68 /* ofxGuiColor.h */,
				23BDA09712115F5A00E5BB68 /* ofxGuiFiles.cpp */,
				23BDA09812115F5A00E5BB68 /* ofxGuiFiles.h */,
				23BDA09912115F5A00E5BB68 /* ofxGuiGlobals.cpp */,
				23BDA09A12115F5A00E5BB68 /* ofxGuiGlobals.h */,
				23BDA09B12115F5A00E5BB68 /* ofxGuiKnob.cpp */,
				23BDA09C12115F5A00E5BB68 /* ofxGuiKnob.h */,
				23BDA09D12115F5A00E5BB68 /* ofxGuiMatrix.cpp */,
				23BDA09E12115F5A00E5BB68 /* ofxGuiMatrix.h */,
				23BDA09F12115F5A00E5BB68 /* ofxGuiObject.cpp */,
				23BDA0A012115F5A00E5BB68 /* ofxGuiObject.h */,
				23BDA0A112115F5A00E5BB68 /* ofxGuiPanel.cpp */,
				23BDA0A212115F5A00E5BB68 /* ofxGuiPanel.h */,
				23BDA0A312115F5A00E5BB68 /* ofxGuiPoints.cpp */,
				23BDA0A412115F5A00E5BB68 /* ofxGuiPoints.h */,
				23BDA0A512115F5A00E5BB68 /* ofxGuiRadar.cpp */,
				23BDA0A612115F5A00E5BB68 /* ofxGuiRadar.h */,
				23BDA0A712115F5A00E5BB68 /* ofxGuiScope.cpp */,
				23BDA0A812115F5A00E5BB68 /* ofxGuiScope.h */,
				23BDA0A912115F5A00E5BB68 /* ofxGuiSlider.cpp */,
				23BDA0AA12115F5A00E5BB68 /* ofxGuiSlider.h */,
				23BDA0AB12115F5A00E5BB68 /* ofxGuiSwitch.cpp */,
				23BDA0AC12115F5A00E5BB68 /* ofxGuiSwitch.h */,
				23BDA0AD12115F5A00E5BB68 /* ofxGuiTypes.h */,
				23BDA0AE12115F5A00E5BB68 /* ofxGuiXyPad.cpp */,
				23BDA0AF12115F5A00E5BB68 /* ofxGuiXyPad.h */,
			);
			name = ofxGui;
			path = ../../../addons/ofxGui;
			sourceTree = SOURCE_ROOT;
		};
		23BDA0B012115F5A00E5BB68 /* ofxNxml */ = {
			isa = PBXGroup;
			children = (
				23BDA0B112115F5A00E5BB68 /* ofxNxmlFile.cpp */,
				23BDA0B212115F5A00E5BB68 /* ofxNxmlFile.h */,
				23BDA0B312115F5A00E5BB68 /* ofxNxmlObject.cpp */,
				23BDA0B412115F5A00E5BB68 /* ofxNxmlObject.h */,
			);
			name = ofxNxml;
			path = ../../../addons/ofxNxml;
			sourceTree = SOURCE_ROOT;
		};
		23BDA0B512115F5A00E5BB68 /* ofxVectorMath */ = {
			isa = PBXGroup;
			children = (
				23BDA0B612115F5A00E5BB68 /* src */,
			);
			name = ofxVectorMath;
			path = ../../../addons/ofxVectorMath;
			sourceTree = SOURCE_ROOT;
		};
		23BDA0B612115F5A00E5BB68 /* src */ = {
			isa = PBXGroup;
			children = (
				23BDA0B712115F5A00E5BB68 /* ofxMatrix3x3.cpp */,
				23BDA0B812115F5A00E5BB68 /* ofxMatrix3x3.h */,
				23BDA0B912115F5A00E5BB68 /* ofxMatrix4x4.cpp */,
				23BDA0BA12115F5A00E5BB68 /* ofxMatrix4x4.h */,
				23BDA0BB12115F5A00E5BB68 /* ofxPoint2f.h */,
				23BDA0BC12115F5A00E5BB68 /* ofxPoint3f.h */,
				23BDA0BD12115F5A00E5BB68 /* ofxPoint4f.h */,
				23BDA0BE12115F5A00E5BB68 /* ofxQuaternion.cpp */,
				23BDA0BF12115F5A00E5BB68 /* ofxQuaternion.h */,
				23BDA0C012115F5A00E5BB68 /* ofxVec2f.h */,
				23BDA0C112115F5A00E5BB68 /* ofxVec3f.h */,
				23BDA0C212115F5A00E5BB68 /* ofxVec4f.h */,
				23BDA0C312115F5A00E5BB68 /* ofxVectorMath.h */,
			);
			name = src;
			path = ../../../addons/ofxVectorMath/src;
			sourceTree = SOURCE_ROOT;
		};
		23BDA0C412115F5A00E5BB68 /* ofxWebServer */ = {
			isa = PBXGroup;
			children = (
				23BDA0C512115F5A00E5BB68 /* lib */,
				23BDA0C812115F5A00E5BB68 /* src */,
			);
			name = ofxWebServer;
			path = ../../../addons/ofxWebServer;
			sourceTree = SOURCE_ROOT;
		};
		23BDA0C512115F5A00E5BB68 /* lib */ = {
			isa = PBXGroup;
			children = (
				23BDA0C612115F5A00E5BB68 /* mongoose.c */,
				23BDA0C712115F5A00E5BB68 /* mongoose.h */,
			);
			name = lib;
			path = ../../../addons/ofxWebServer/lib;
			sourceTree = SOURCE_ROOT;
		};
		23BDA0C812115F5A00E5BB68 /* src */ = {
			isa = PBXGroup;
			children = (
				23BDA0C912115F5A00E5BB68 /* ofxWebServer.cpp */,
				23BDA0CA12115F5A00E5BB68 /* ofxWebServer.h */,
				23BDA0CB12115F5A00E5BB68 /* ofxWSRequestHandler.cpp */,
				23BDA0CC12115F5A00E5BB68 /* ofxWSRequestHandler.h */,
			);
			name = src;
			path = ../../../addons/ofxWebServer/src;
			sourceTree = SOURCE_ROOT;
		};
		23BDA0CD12115F5A00E5BB68 /* ofxXmlSettings */ = {
			isa = PBXGroup;
			children = (
				23BDA0CE12115F5A00E5BB68 /* libs */,
				23BDA0D312115F5A00E5BB68 /* src */,
			);
			name = ofxXmlSettings;
			path = ../../../addons/ofxXmlSettings;
			sourceTree = SOURCE_ROOT;
		};
		23BDA0CE12115F5A00E5BB68 /* libs */ = {
			isa = PBXGroup;
			children = (
				23BDA0CF12115F5A00E5BB68 /* tinyxml.cpp */,
				23BDA0D012115F5A00E5BB68 /* tinyxml.h */,
				23BDA0D112115F5A00E5BB68 /* tinyxmlerror.cpp */,
				23BDA0D212115F5A00E5BB68 /* tinyxmlparser.cpp */,
			);
			name = libs;
			path = ../../../addons/ofxXmlSettings/libs;
			sourceTree = SOURCE_ROOT;
		};
		23BDA0D312115F5A00E5BB68 /* src */ = {
			isa = PBXGroup;
			children = (
				23BDA0D412115F5A00E5BB68 /* ofxXmlSettings.cpp */,
				23BDA0D512115F5A00E5BB68 /* ofxXmlSettings.h */,
			);
			name = src;
			path = ../../../addons/ofxXmlSettings/src;
			sourceTree = SOURCE_ROOT;
		};
		23EC44BF121BFE39001CA255 /* ofxSimpleGuiToo */ = {
			isa = PBXGroup;
			children = (
				23EC44C0121BFE39001CA255 /* src */,
			);
			path = ofxSimpleGuiToo;
			sourceTree = "<group>";
		};
		23EC44C0121BFE39001CA255 /* src */ = {
			isa = PBXGroup;
			children = (
				23EC44C1121BFE39001CA255 /* Controls */,
				23EC44D9121BFE39001CA255 /* ofxSimpleGuiConfig.cpp */,
				23EC44DA121BFE39001CA255 /* ofxSimpleGuiConfig.h */,
				23EC44DB121BFE39001CA255 /* ofxSimpleGuiControl.cpp */,
				23EC44DC121BFE39001CA255 /* ofxSimpleGuiControl.h */,
				23EC44DD121BFE39001CA255 /* ofxSimpleGuiIncludes.h */,
				23EC44DE121BFE39001CA255 /* ofxSimpleGuiPage.cpp */,
				23EC44DF121BFE39001CA255 /* ofxSimpleGuiPage.h */,
				23EC44E0121BFE39001CA255 /* ofxSimpleGuiToo.cpp */,
				23EC44E1121BFE39001CA255 /* ofxSimpleGuiToo.h */,
			);
			name = src;
			path = ../../../addons/ofxSimpleGuiToo/src;
			sourceTree = SOURCE_ROOT;
		};
		23EC44C1121BFE39001CA255 /* Controls */ = {
			isa = PBXGroup;
			children = (
				23EC44C2121BFE39001CA255 /* ofxSimpleGuiButton.cpp */,
				23EC44C3121BFE39001CA255 /* ofxSimpleGuiButton.h */,
				23EC44C4121BFE39001CA255 /* ofxSimpleGuiColorPicker.cpp */,
				23EC44C5121BFE39001CA255 /* ofxSimpleGuiColorPicker.h */,
				23EC44C6121BFE39001CA255 /* ofxSimpleGuiComboBox.cpp */,
				23EC44C7121BFE39001CA255 /* ofxSimpleGuiComboBox.h */,
				23EC44C8121BFE39001CA255 /* ofxSimpleGuiContent.cpp */,
				23EC44C9121BFE39001CA255 /* ofxSimpleGuiContent.h */,
				23EC44CA121BFE39001CA255 /* ofxSimpleGuiFPSCounter.cpp */,
				23EC44CB121BFE39001CA255 /* ofxSimpleGuiFPSCounter.h */,
				23EC44CC121BFE39001CA255 /* ofxSimpleGuiMovieSlider.cpp */,
				23EC44CD121BFE39001CA255 /* ofxSimpleGuiMovieSlider.h */,
				23EC44CE121BFE39001CA255 /* ofxSimpleGuiQuadWarp.cpp */,
				23EC44CF121BFE39001CA255 /* ofxSimpleGuiQuadWarp.h */,
				23EC44D0121BFE39001CA255 /* ofxSimpleGuiSlider2d.cpp */,
				23EC44D1121BFE39001CA255 /* ofxSimpleGuiSlider2d.h */,
				23EC44D2121BFE39001CA255 /* ofxSimpleGuiSliderBase.h */,
				23EC44D3121BFE39001CA255 /* ofxSimpleGuiSliderFloat.h */,
				23EC44D4121BFE39001CA255 /* ofxSimpleGuiSliderInt.h */,
				23EC44D5121BFE39001CA255 /* ofxSimpleGuiTitle.cpp */,
				23EC44D6121BFE39001CA255 /* ofxSimpleGuiTitle.h */,
				23EC44D7121BFE39001CA255 /* ofxSimpleGuiToggle.cpp */,
				23EC44D8121BFE39001CA255 /* ofxSimpleGuiToggle.h */,
			);
			name = Controls;
			path = ../../../addons/ofxSimpleGuiToo/src/Controls;
			sourceTree = SOURCE_ROOT;
		};
		23EC44FB121BFE82001CA255 /* ofxMSAInteractiveObject */ = {
			isa = PBXGroup;
			children = (
				23EC44FC121BFE82001CA255 /* src */,
			);
			name = ofxMSAInteractiveObject;
			path = ../../../addons/ofxMSAInteractiveObject;
			sourceTree = SOURCE_ROOT;
		};
		23EC44FC121BFE82001CA255 /* src */ = {
			isa = PBXGroup;
			children = (
				23EC44FD121BFE82001CA255 /* ofxMSAInteractiveObject.cpp */,
				23EC44FE121BFE82001CA255 /* ofxMSAInteractiveObject.h */,
			);
			name = src;
			path = ../../../addons/ofxMSAInteractiveObject/src;
			sourceTree = SOURCE_ROOT;
		};
		23EC45EF121C2E4C001CA255 /* plugins */ = {
			isa = PBXGroup;
			children = (
				23EC45F7121C2E6F001CA255 /* ccwPlugin.cpp */,
				23EC45F8121C2E6F001CA255 /* ccwPlugin.h */,
			);
			name = plugins;
			sourceTree = "<group>";
		};
		23EC45F0121C2E56001CA255 /* responses */ = {
			isa = PBXGroup;
			children = (
				23EC45EC121C2E44001CA255 /* ccwConfigResponse.cpp */,
				23EC45ED121C2E44001CA255 /* ccwConfigResponse.h */,
			);
			name = responses;
			sourceTree = "<group>";
		};
		E45BE0360E8CC5DE009D7055 /* libs */ = {
			isa = PBXGroup;
			children = (
				E45BEED60E8CCB34009D7055 /* core */,
			);
			name = libs;
			sourceTree = "<group>";
		};
		E45BE0370E8CC647009D7055 /* freeimage */ = {
			isa = PBXGroup;
			children = (
				E4C246D810CCAE22004149E2 /* osx */,
				E45BE0380E8CC647009D7055 /* include */,
			);
			name = freeimage;
			path = ../../../libs/freeimage;
			sourceTree = SOURCE_ROOT;
		};
		E45BE0380E8CC647009D7055 /* include */ = {
			isa = PBXGroup;
			children = (
				E45BE0390E8CC647009D7055 /* FreeImage.h */,
			);
			name = include;
			path = ../../../libs/freeimage/include;
			sourceTree = SOURCE_ROOT;
		};
		E45BE03D0E8CC650009D7055 /* fmodex */ = {
			isa = PBXGroup;
			children = (
				E45BE03E0E8CC650009D7055 /* inc */,
				E4C2428E10CC5C18004149E2 /* osx */,
			);
			name = fmodex;
			path = ../../../libs/fmodex;
			sourceTree = SOURCE_ROOT;
		};
		E45BE03E0E8CC650009D7055 /* inc */ = {
			isa = PBXGroup;
			children = (
				E45BE03F0E8CC650009D7055 /* fmod.h */,
				E45BE0400E8CC650009D7055 /* fmod.hpp */,
				E45BE0410E8CC650009D7055 /* fmod_codec.h */,
				E45BE0420E8CC650009D7055 /* fmod_dsp.h */,
				E45BE0430E8CC650009D7055 /* fmod_errors.h */,
				E45BE0440E8CC650009D7055 /* fmod_output.h */,
			);
			name = inc;
			path = ../../../libs/fmodex/include;
			sourceTree = SOURCE_ROOT;
		};
		E45BE0480E8CC657009D7055 /* core libraries */ = {
			isa = PBXGroup;
			children = (
				E4C2425B10CC5A78004149E2 /* glut */,
				E45BEC7B0E8CC911009D7055 /* poco */,
				E45BE2D50E8CC69C009D7055 /* rtAudio */,
				E45BE0A50E8CC67C009D7055 /* GLee */,
				E45BE0490E8CC676009D7055 /* freetype */,
				E45BE03D0E8CC650009D7055 /* fmodex */,
				E45BE0370E8CC647009D7055 /* freeimage */,
			);
			name = "core libraries";
			sourceTree = "<group>";
		};
		E45BE0490E8CC676009D7055 /* freetype */ = {
			isa = PBXGroup;
			children = (
				E4C2429210CC5C38004149E2 /* osx */,
			);
			name = freetype;
			path = ../../../libs/freetype;
			sourceTree = SOURCE_ROOT;
		};
		E45BE0A50E8CC67C009D7055 /* GLee */ = {
			isa = PBXGroup;
			children = (
				E45BE0A60E8CC67C009D7055 /* include */,
				E45BE0A80E8CC67C009D7055 /* lib */,
			);
			name = GLee;
			path = ../../../libs/GLee;
			sourceTree = SOURCE_ROOT;
		};
		E45BE0A60E8CC67C009D7055 /* include */ = {
			isa = PBXGroup;
			children = (
				E45BE0A70E8CC67C009D7055 /* GLee.h */,
			);
			name = include;
			path = ../../../libs/GLee/include;
			sourceTree = SOURCE_ROOT;
		};
		E45BE0A80E8CC67C009D7055 /* lib */ = {
			isa = PBXGroup;
			children = (
				E45BE0A90E8CC67C009D7055 /* GLee.a */,
			);
			name = lib;
			path = ../../../libs/GLee/lib/osx;
			sourceTree = SOURCE_ROOT;
		};
		E45BE2D50E8CC69C009D7055 /* rtAudio */ = {
			isa = PBXGroup;
			children = (
				E45BE2D60E8CC69C009D7055 /* include */,
				E45BE2E20E8CC69C009D7055 /* lib */,
			);
			name = rtAudio;
			path = ../../../libs/rtAudio;
			sourceTree = SOURCE_ROOT;
		};
		E45BE2D60E8CC69C009D7055 /* include */ = {
			isa = PBXGroup;
			children = (
				E45BE2D70E8CC69C009D7055 /* asio */,
				E45BE2E00E8CC69C009D7055 /* RtAudio.h */,
				E45BE2E10E8CC69C009D7055 /* RtError.h */,
			);
			name = include;
			path = ../../../libs/rtAudio/include;
			sourceTree = SOURCE_ROOT;
		};
		E45BE2D70E8CC69C009D7055 /* asio */ = {
			isa = PBXGroup;
			children = (
			);
			name = asio;
			path = ../../../libs/rtAudio/include/asio;
			sourceTree = SOURCE_ROOT;
		};
		E45BE2E20E8CC69C009D7055 /* lib */ = {
			isa = PBXGroup;
			children = (
				E45BE2E30E8CC69C009D7055 /* rtAudio.a */,
			);
			name = lib;
			path = ../../../libs/rtAudio/lib/osx;
			sourceTree = SOURCE_ROOT;
		};
		E45BE5980E8CC70C009D7055 /* core frameworks */ = {
			isa = PBXGroup;
			children = (
				E4C2424410CC5A17004149E2 /* AppKit.framework */,
				E4C2424510CC5A17004149E2 /* Cocoa.framework */,
				E4C2424610CC5A17004149E2 /* IOKit.framework */,
				E45BE9710E8CC7DD009D7055 /* AGL.framework */,
				E45BE9720E8CC7DD009D7055 /* ApplicationServices.framework */,
				E45BE9730E8CC7DD009D7055 /* AudioToolbox.framework */,
				E45BE9740E8CC7DD009D7055 /* Carbon.framework */,
				E45BE9750E8CC7DD009D7055 /* CoreAudio.framework */,
				E45BE9760E8CC7DD009D7055 /* CoreFoundation.framework */,
				E45BE9770E8CC7DD009D7055 /* CoreServices.framework */,
				E45BE9790E8CC7DD009D7055 /* OpenGL.framework */,
				E45BE97A0E8CC7DD009D7055 /* QuickTime.framework */,
			);
			name = "core frameworks";
			sourceTree = "<group>";
		};
		E45BEC7B0E8CC911009D7055 /* poco */ = {
			isa = PBXGroup;
			children = (
				E4C2427910CC5B66004149E2 /* osx */,
			);
			name = poco;
			path = ../../../libs/poco;
			sourceTree = SOURCE_ROOT;
		};
		E45BEED60E8CCB34009D7055 /* core */ = {
			isa = PBXGroup;
			children = (
				E45BE0480E8CC657009D7055 /* core libraries */,
				E45BE5980E8CC70C009D7055 /* core frameworks */,
			);
			name = core;
			sourceTree = "<group>";
		};
		E4B69B4A0A3A1720003C02F2 = {
			isa = PBXGroup;
			children = (
				23BDA08A12115F5A00E5BB68 /* addons */,
				23BDA08712115ED900E5BB68 /* communitycoreweb-Info.plist */,
				E4B69B5B0A3A1756003C02F2 /* CommunityCoreWebDebug.app */,
				E4B69E1C0A3A1BDC003C02F2 /* src */,
				E4C2422310CC54B6004149E2 /* openFrameworks */,
				E45BE0360E8CC5DE009D7055 /* libs */,
			);
			sourceTree = "<group>";
		};
		E4B69E1C0A3A1BDC003C02F2 /* src */ = {
			isa = PBXGroup;
			children = (
				23EC45F0121C2E56001CA255 /* responses */,
				23EC45EF121C2E4C001CA255 /* plugins */,
				23BDA1031211612500E5BB68 /* ccwServer.cpp */,
				23BDA1041211612500E5BB68 /* ccwServer.h */,
				E4B69E1D0A3A1BDC003C02F2 /* main.cpp */,
			);
			path = src;
			sourceTree = SOURCE_ROOT;
		};
		E4C2421710CC549C004149E2 /* Products */ = {
			isa = PBXGroup;
			children = (
				E4C2421E10CC549C004149E2 /* openFrameworksDebug.a */,
			);
			name = Products;
			sourceTree = "<group>";
		};
		E4C2422310CC54B6004149E2 /* openFrameworks */ = {
			isa = PBXGroup;
			children = (
				E4C2421610CC549C004149E2 /* openFrameworksLib.xcodeproj */,
			);
			name = openFrameworks;
			sourceTree = "<group>";
		};
		E4C2425B10CC5A78004149E2 /* glut */ = {
			isa = PBXGroup;
			children = (
				E4C2425D10CC5A78004149E2 /* lib */,
			);
			name = glut;
			path = ../../../libs/glut;
			sourceTree = SOURCE_ROOT;
		};
		E4C2425D10CC5A78004149E2 /* lib */ = {
			isa = PBXGroup;
			children = (
				E4C2425E10CC5A78004149E2 /* osx */,
			);
			name = lib;
			path = ../../../libs/glut/lib;
			sourceTree = SOURCE_ROOT;
		};
		E4C2425E10CC5A78004149E2 /* osx */ = {
			isa = PBXGroup;
			children = (
				E4C2425F10CC5A78004149E2 /* GLUT.framework */,
			);
			name = osx;
			path = ../../../libs/glut/lib/osx;
			sourceTree = SOURCE_ROOT;
		};
		E4C2427910CC5B66004149E2 /* osx */ = {
			isa = PBXGroup;
			children = (
				E4C2427A10CC5B66004149E2 /* CppUnit.a */,
				E4C2427B10CC5B66004149E2 /* PocoFoundation.a */,
				E4C2427C10CC5B66004149E2 /* PocoNet.a */,
				E4C2427D10CC5B66004149E2 /* PocoUtil.a */,
				E4C2427E10CC5B66004149E2 /* PocoXML.a */,
			);
			name = osx;
			path = ../../../libs/poco/lib/osx;
			sourceTree = SOURCE_ROOT;
		};
		E4C2428E10CC5C18004149E2 /* osx */ = {
			isa = PBXGroup;
			children = (
				E4C242CC10CC650E004149E2 /* libfmodex.dylib */,
			);
			name = osx;
			path = ../../../libs/fmodex/lib/osx;
			sourceTree = SOURCE_ROOT;
		};
		E4C2429210CC5C38004149E2 /* osx */ = {
			isa = PBXGroup;
			children = (
				E4C2429310CC5C38004149E2 /* freetype.a */,
			);
			name = osx;
			path = ../../../libs/freetype/lib/osx;
			sourceTree = SOURCE_ROOT;
		};
		E4C246D810CCAE22004149E2 /* osx */ = {
			isa = PBXGroup;
			children = (
				E4C246D910CCAE22004149E2 /* freeimage.a */,
			);
			name = osx;
			path = ../../../libs/FreeImage/lib/osx;
			sourceTree = SOURCE_ROOT;
		};
/* End PBXGroup section */

/* Begin PBXNativeTarget section */
		E4B69B5A0A3A1756003C02F2 /* communitycoreweb */ = {
			isa = PBXNativeTarget;
			buildConfigurationList = E4B69B5F0A3A1757003C02F2 /* Build configuration list for PBXNativeTarget "communitycoreweb" */;
			buildPhases = (
				E4B69B580A3A1756003C02F2 /* Sources */,
				E4B69B590A3A1756003C02F2 /* Frameworks */,
				E4B6FFFD0C3F9AB9008CF71C /* ShellScript */,
				E4C2427710CC5ABF004149E2 /* CopyFiles */,
				E4C2444710CC769B004149E2 /* CopyFiles */,
			);
			buildRules = (
			);
			dependencies = (
				E4C2422810CC54DA004149E2 /* PBXTargetDependency */,
			);
			name = communitycoreweb;
			productName = myOFApp;
			productReference = E4B69B5B0A3A1756003C02F2 /* CommunityCoreWebDebug.app */;
			productType = "com.apple.product-type.application";
		};
/* End PBXNativeTarget section */

/* Begin PBXProject section */
		E4B69B4C0A3A1720003C02F2 /* Project object */ = {
			isa = PBXProject;
			attributes = {
				ORGANIZATIONNAME = "NUI Group";
			};
			buildConfigurationList = E4B69B4D0A3A1720003C02F2 /* Build configuration list for PBXProject "communitycoreweb" */;
			compatibilityVersion = "Xcode 2.4";
			hasScannedForEncodings = 0;
			mainGroup = E4B69B4A0A3A1720003C02F2;
			productRefGroup = E4B69B4A0A3A1720003C02F2;
			projectDirPath = "";
			projectReferences = (
				{
					ProductGroup = E4C2421710CC549C004149E2 /* Products */;
					ProjectRef = E4C2421610CC549C004149E2 /* openFrameworksLib.xcodeproj */;
				},
			);
			projectRoot = "";
			targets = (
				E4B69B5A0A3A1756003C02F2 /* communitycoreweb */,
			);
		};
/* End PBXProject section */

/* Begin PBXReferenceProxy section */
		E4C2421E10CC549C004149E2 /* openFrameworksDebug.a */ = {
			isa = PBXReferenceProxy;
			fileType = archive.ar;
			path = openFrameworksDebug.a;
			remoteRef = E4C2421D10CC549C004149E2 /* PBXContainerItemProxy */;
			sourceTree = BUILT_PRODUCTS_DIR;
		};
/* End PBXReferenceProxy section */

/* Begin PBXShellScriptBuildPhase section */
		E4B6FFFD0C3F9AB9008CF71C /* ShellScript */ = {
			isa = PBXShellScriptBuildPhase;
			buildActionMask = 2147483647;
			files = (
			);
			inputPaths = (
			);
			outputPaths = (
			);
			runOnlyForDeploymentPostprocessing = 0;
			shellPath = /bin/sh;
			shellScript = "cp -f ../../../libs/fmodex/lib/osx/libfmodex.dylib \"$TARGET_BUILD_DIR/$PRODUCT_NAME.app/Contents/MacOS/libfmodex.dylib\"\ninstall_name_tool -change ./libfmodex.dylib @executable_path/libfmodex.dylib \"$TARGET_BUILD_DIR/$PRODUCT_NAME.app/Contents/MacOS/$PRODUCT_NAME\" ";
		};
/* End PBXShellScriptBuildPhase section */

/* Begin PBXSourcesBuildPhase section */
		E4B69B580A3A1756003C02F2 /* Sources */ = {
			isa = PBXSourcesBuildPhase;
			buildActionMask = 2147483647;
			files = (
				E4B69E200A3A1BDC003C02F2 /* main.cpp in Sources */,
				23BDA0D612115F5A00E5BB68 /* ofxDirList.cpp in Sources */,
				23BDA0D712115F5A00E5BB68 /* ofxGui.cpp in Sources */,
				23BDA0D812115F5A00E5BB68 /* ofxGuiButton.cpp in Sources */,
				23BDA0D912115F5A00E5BB68 /* ofxGuiColor.cpp in Sources */,
				23BDA0DA12115F5A00E5BB68 /* ofxGuiFiles.cpp in Sources */,
				23BDA0DB12115F5A00E5BB68 /* ofxGuiGlobals.cpp in Sources */,
				23BDA0DC12115F5A00E5BB68 /* ofxGuiKnob.cpp in Sources */,
				23BDA0DD12115F5A00E5BB68 /* ofxGuiMatrix.cpp in Sources */,
				23BDA0DE12115F5A00E5BB68 /* ofxGuiObject.cpp in Sources */,
				23BDA0DF12115F5A00E5BB68 /* ofxGuiPanel.cpp in Sources */,
				23BDA0E012115F5A00E5BB68 /* ofxGuiPoints.cpp in Sources */,
				23BDA0E112115F5A00E5BB68 /* ofxGuiRadar.cpp in Sources */,
				23BDA0E212115F5A00E5BB68 /* ofxGuiScope.cpp in Sources */,
				23BDA0E312115F5A00E5BB68 /* ofxGuiSlider.cpp in Sources */,
				23BDA0E412115F5A00E5BB68 /* ofxGuiSwitch.cpp in Sources */,
				23BDA0E512115F5A00E5BB68 /* ofxGuiXyPad.cpp in Sources */,
				23BDA0E612115F5A00E5BB68 /* ofxNxmlFile.cpp in Sources */,
				23BDA0E712115F5A00E5BB68 /* ofxNxmlObject.cpp in Sources */,
				23BDA0E812115F5A00E5BB68 /* ofxMatrix3x3.cpp in Sources */,
				23BDA0E912115F5A00E5BB68 /* ofxMatrix4x4.cpp in Sources */,
				23BDA0EA12115F5A00E5BB68 /* ofxQuaternion.cpp in Sources */,
				23BDA0EB12115F5A00E5BB68 /* mongoose.c in Sources */,
				23BDA0EC12115F5A00E5BB68 /* ofxWebServer.cpp in Sources */,
				23BDA0ED12115F5A00E5BB68 /* ofxWSRequestHandler.cpp in Sources */,
				23BDA0EE12115F5A00E5BB68 /* tinyxml.cpp in Sources */,
				23BDA0EF12115F5A00E5BB68 /* tinyxmlerror.cpp in Sources */,
				23BDA0F012115F5A00E5BB68 /* tinyxmlparser.cpp in Sources */,
				23BDA0F112115F5A00E5BB68 /* ofxXmlSettings.cpp in Sources */,
				23BDA1051211612500E5BB68 /* ccwServer.cpp in Sources */,
				23978FC8121B799B004532B7 /* ofxWebSimpleGuiToo.cpp in Sources */,
				23EC44E2121BFE39001CA255 /* ofxSimpleGuiButton.cpp in Sources */,
				23EC44E3121BFE39001CA255 /* ofxSimpleGuiColorPicker.cpp in Sources */,
				23EC44E4121BFE39001CA255 /* ofxSimpleGuiComboBox.cpp in Sources */,
				23EC44E5121BFE39001CA255 /* ofxSimpleGuiContent.cpp in Sources */,
				23EC44E6121BFE39001CA255 /* ofxSimpleGuiFPSCounter.cpp in Sources */,
				23EC44E7121BFE39001CA255 /* ofxSimpleGuiMovieSlider.cpp in Sources */,
				23EC44E8121BFE39001CA255 /* ofxSimpleGuiQuadWarp.cpp in Sources */,
				23EC44E9121BFE39001CA255 /* ofxSimpleGuiSlider2d.cpp in Sources */,
				23EC44EA121BFE39001CA255 /* ofxSimpleGuiTitle.cpp in Sources */,
				23EC44EB121BFE39001CA255 /* ofxSimpleGuiToggle.cpp in Sources */,
				23EC44EC121BFE39001CA255 /* ofxSimpleGuiConfig.cpp in Sources */,
				23EC44ED121BFE39001CA255 /* ofxSimpleGuiControl.cpp in Sources */,
				23EC44EE121BFE39001CA255 /* ofxSimpleGuiPage.cpp in Sources */,
				23EC44EF121BFE39001CA255 /* ofxSimpleGuiToo.cpp in Sources */,
				23EC44FF121BFE82001CA255 /* ofxMSAInteractiveObject.cpp in Sources */,
				23EC45EE121C2E44001CA255 /* ccwConfigResponse.cpp in Sources */,
				23EC45F9121C2E6F001CA255 /* ccwPlugin.cpp in Sources */,
			);
			runOnlyForDeploymentPostprocessing = 0;
		};
/* End PBXSourcesBuildPhase section */

/* Begin PBXTargetDependency section */
		E4C2422810CC54DA004149E2 /* PBXTargetDependency */ = {
			isa = PBXTargetDependency;
			name = openFrameworks;
			targetProxy = E4C2422710CC54DA004149E2 /* PBXContainerItemProxy */;
		};
/* End PBXTargetDependency section */

/* Begin XCBuildConfiguration section */
		E4B27CA010CBF8A600536013 /* ReleaseUniversal */ = {
			isa = XCBuildConfiguration;
			buildSettings = {
				ARCHS = (
					ppc,
					i386,
				);
				CONFIGURATION_BUILD_DIR = "$(SRCROOT)/bin/";
				COPY_PHASE_STRIP = YES;
				DEAD_CODE_STRIPPING = YES;
				GCC_AUTO_VECTORIZATION = YES;
				GCC_ENABLE_SSE3_EXTENSIONS = YES;
				GCC_ENABLE_SUPPLEMENTAL_SSE3_INSTRUCTIONS = YES;
				GCC_INLINES_ARE_PRIVATE_EXTERN = NO;
				GCC_MODEL_TUNING = G5;
				GCC_OPTIMIZATION_LEVEL = 3;
				GCC_SYMBOLS_PRIVATE_EXTERN = NO;
				GCC_UNROLL_LOOPS = YES;
				GCC_WARN_ABOUT_DEPRECATED_FUNCTIONS = NO;
				GCC_WARN_ABOUT_INVALID_OFFSETOF_MACRO = NO;
				GCC_WARN_ALLOW_INCOMPLETE_PROTOCOL = NO;
				GCC_WARN_UNINITIALIZED_AUTOS = NO;
				GCC_WARN_UNUSED_VALUE = NO;
				GCC_WARN_UNUSED_VARIABLE = NO;
				HEADER_SEARCH_PATHS = (
					"../../../libs/openFrameworks/**",
					../../../libs/freetype/include/,
					../../../libs/freetype/include/freetype2,
					../../../libs/poco/include,
					../../../addons/,
				);
				OTHER_CPLUSPLUSFLAGS = (
					"-D__MACOSX_CORE__",
					"-lpthread",
				);
				OTHER_LDFLAGS = "";
				SDKROOT = "$(DEVELOPER_SDK_DIR)/MacOSX10.6.sdk";
			};
			name = ReleaseUniversal;
		};
		E4B27CA110CBF8A600536013 /* ReleaseUniversal */ = {
			isa = XCBuildConfiguration;
			buildSettings = {
				COPY_PHASE_STRIP = YES;
				FRAMEWORK_SEARCH_PATHS = (
					"$(inherited)",
					"$(FRAMEWORK_SEARCH_PATHS_QUOTED_FOR_TARGET_1)",
				);
				FRAMEWORK_SEARCH_PATHS_QUOTED_FOR_TARGET_1 = "\"$(SRCROOT)/../../../libs/glut/lib/osx\"";
				GCC_ENABLE_FIX_AND_CONTINUE = NO;
				GCC_GENERATE_DEBUGGING_SYMBOLS = NO;
				GCC_MODEL_TUNING = G4;
				GCC_PRECOMPILE_PREFIX_HEADER = YES;
				GCC_PREFIX_HEADER = "$(SYSTEM_LIBRARY_DIR)/Frameworks/Carbon.framework/Headers/Carbon.h";
				INFOPLIST_FILE = "communitycoreweb-Info.plist";
				INSTALL_PATH = "$(HOME)/Applications";
				LIBRARY_SEARCH_PATHS = (
					"$(inherited)",
					"$(LIBRARY_SEARCH_PATHS_QUOTED_FOR_TARGET_1)",
					"$(LIBRARY_SEARCH_PATHS_QUOTED_FOR_TARGET_2)",
					"$(LIBRARY_SEARCH_PATHS_QUOTED_FOR_TARGET_3)",
					"$(LIBRARY_SEARCH_PATHS_QUOTED_FOR_TARGET_4)",
					"$(LIBRARY_SEARCH_PATHS_QUOTED_FOR_TARGET_5)",
					"$(LIBRARY_SEARCH_PATHS_QUOTED_FOR_TARGET_6)",
					"$(LIBRARY_SEARCH_PATHS_QUOTED_FOR_TARGET_7)",
					"$(LIBRARY_SEARCH_PATHS_QUOTED_FOR_TARGET_8)",
					"$(LIBRARY_SEARCH_PATHS_QUOTED_FOR_TARGET_9)",
					"$(LIBRARY_SEARCH_PATHS_QUOTED_FOR_TARGET_10)",
					"$(LIBRARY_SEARCH_PATHS_QUOTED_FOR_TARGET_11)",
					"$(LIBRARY_SEARCH_PATHS_QUOTED_FOR_TARGET_12)",
					"$(LIBRARY_SEARCH_PATHS_QUOTED_FOR_TARGET_13)",
					"$(LIBRARY_SEARCH_PATHS_QUOTED_FOR_TARGET_14)",
					"$(LIBRARY_SEARCH_PATHS_QUOTED_FOR_TARGET_15)",
					"$(LIBRARY_SEARCH_PATHS_QUOTED_FOR_TARGET_2)",
					"$(LIBRARY_SEARCH_PATHS_QUOTED_FOR_TARGET_3)",
					"$(LIBRARY_SEARCH_PATHS_QUOTED_1)",
				);
				LIBRARY_SEARCH_PATHS_QUOTED_1 = "\"$(SRCROOT)/../../../addons/ofxMySQLServer/lib/libs\"";
				LIBRARY_SEARCH_PATHS_QUOTED_FOR_TARGET_1 = "\"$(SRCROOT)/../../../libs/freeimage/lib/osx\"";
				LIBRARY_SEARCH_PATHS_QUOTED_FOR_TARGET_14 = "\"$(SRCROOT)/../../../libs/fmodex/lib/osx\"";
				LIBRARY_SEARCH_PATHS_QUOTED_FOR_TARGET_15 = "\"$(SRCROOT)/../../../libs/freetype/lib/osx\"";
				LIBRARY_SEARCH_PATHS_QUOTED_FOR_TARGET_2 = "\"$(SRCROOT)/../../../libs/FreeImage/lib/osx\"";
				LIBRARY_SEARCH_PATHS_QUOTED_FOR_TARGET_3 = "\"$(SRCROOT)/../../../addons/ofxMySQLServer/lib/link\"";
				LIBRARY_SEARCH_PATHS_QUOTED_FOR_TARGET_4 = "\"$(SRCROOT)/../../../libs/GLee/lib/osx\"";
				LIBRARY_SEARCH_PATHS_QUOTED_FOR_TARGET_5 = "\"$(SRCROOT)/../../../libs/poco/lib/osx\"";
				LIBRARY_SEARCH_PATHS_QUOTED_FOR_TARGET_6 = "\"$(SRCROOT)/../../../libs/rtAudio/lib/osx\"";
				OTHER_LDFLAGS = (
					"--include",
					"--libmysqld-libs",
				);
				PREBINDING = NO;
				PRODUCT_NAME = "Community Core Web Universal";
				WRAPPER_EXTENSION = app;
				ZERO_LINK = NO;
			};
			name = ReleaseUniversal;
		};
		E4B69B4E0A3A1720003C02F2 /* Debug */ = {
			isa = XCBuildConfiguration;
			buildSettings = {
				ARCHS = i386;
				CONFIGURATION_BUILD_DIR = "$(SRCROOT)/bin/";
				COPY_PHASE_STRIP = NO;
				DEAD_CODE_STRIPPING = YES;
				GCC_AUTO_VECTORIZATION = YES;
				GCC_ENABLE_SSE3_EXTENSIONS = YES;
				GCC_ENABLE_SUPPLEMENTAL_SSE3_INSTRUCTIONS = YES;
				GCC_INLINES_ARE_PRIVATE_EXTERN = NO;
				GCC_MODEL_TUNING = G5;
				GCC_SYMBOLS_PRIVATE_EXTERN = NO;
				GCC_WARN_ABOUT_DEPRECATED_FUNCTIONS = NO;
				GCC_WARN_ABOUT_INVALID_OFFSETOF_MACRO = NO;
				GCC_WARN_ALLOW_INCOMPLETE_PROTOCOL = NO;
				GCC_WARN_UNINITIALIZED_AUTOS = NO;
				GCC_WARN_UNUSED_VALUE = NO;
				GCC_WARN_UNUSED_VARIABLE = NO;
				HEADER_SEARCH_PATHS = (
					"../../../libs/openFrameworks/**",
					../../../libs/freetype/include/,
					../../../libs/freetype/include/freetype2,
					../../../libs/poco/include,
					../../../addons/,
				);
				OTHER_CPLUSPLUSFLAGS = (
					"-D__MACOSX_CORE__",
					"-lpthread",
				);
				OTHER_LDFLAGS = "";
				SDKROOT = "$(DEVELOPER_SDK_DIR)/MacOSX10.6.sdk";
			};
			name = Debug;
		};
		E4B69B4F0A3A1720003C02F2 /* Release */ = {
			isa = XCBuildConfiguration;
			buildSettings = {
				ARCHS = "$(NATIVE_ARCH)";
				CONFIGURATION_BUILD_DIR = "$(SRCROOT)/bin/";
				COPY_PHASE_STRIP = YES;
				DEAD_CODE_STRIPPING = YES;
				GCC_AUTO_VECTORIZATION = YES;
				GCC_ENABLE_SSE3_EXTENSIONS = YES;
				GCC_ENABLE_SUPPLEMENTAL_SSE3_INSTRUCTIONS = YES;
				GCC_INLINES_ARE_PRIVATE_EXTERN = NO;
				GCC_MODEL_TUNING = G5;
				GCC_OPTIMIZATION_LEVEL = 3;
				GCC_SYMBOLS_PRIVATE_EXTERN = NO;
				GCC_UNROLL_LOOPS = YES;
				GCC_WARN_ABOUT_DEPRECATED_FUNCTIONS = NO;
				GCC_WARN_ABOUT_INVALID_OFFSETOF_MACRO = NO;
				GCC_WARN_ALLOW_INCOMPLETE_PROTOCOL = NO;
				GCC_WARN_UNINITIALIZED_AUTOS = NO;
				GCC_WARN_UNUSED_VALUE = NO;
				GCC_WARN_UNUSED_VARIABLE = NO;
				HEADER_SEARCH_PATHS = (
					"../../../libs/openFrameworks/**",
					../../../libs/freetype/include/,
					../../../libs/freetype/include/freetype2,
					../../../libs/poco/include,
					../../../addons/,
				);
				OTHER_CPLUSPLUSFLAGS = (
					"-D__MACOSX_CORE__",
					"-lpthread",
				);
				OTHER_LDFLAGS = "";
				SDKROOT = "$(DEVELOPER_SDK_DIR)/MacOSX10.6.sdk";
			};
			name = Release;
		};
		E4B69B600A3A1757003C02F2 /* Debug */ = {
			isa = XCBuildConfiguration;
			buildSettings = {
				COPY_PHASE_STRIP = NO;
				FRAMEWORK_SEARCH_PATHS = (
					"$(inherited)",
					"$(FRAMEWORK_SEARCH_PATHS_QUOTED_FOR_TARGET_1)",
				);
				FRAMEWORK_SEARCH_PATHS_QUOTED_FOR_TARGET_1 = "\"$(SRCROOT)/../../../libs/glut/lib/osx\"";
				GCC_DYNAMIC_NO_PIC = NO;
				GCC_ENABLE_FIX_AND_CONTINUE = YES;
				GCC_GENERATE_DEBUGGING_SYMBOLS = YES;
				GCC_MODEL_TUNING = G4;
				GCC_OPTIMIZATION_LEVEL = 0;
				GCC_PRECOMPILE_PREFIX_HEADER = YES;
				GCC_PREFIX_HEADER = "$(SYSTEM_LIBRARY_DIR)/Frameworks/Carbon.framework/Headers/Carbon.h";
				INFOPLIST_FILE = "communitycoreweb-Info.plist";
				INSTALL_PATH = "$(HOME)/Applications";
				LIBRARY_SEARCH_PATHS = (
					"$(inherited)",
					"$(LIBRARY_SEARCH_PATHS_QUOTED_FOR_TARGET_1)",
					"$(LIBRARY_SEARCH_PATHS_QUOTED_FOR_TARGET_2)",
					"$(LIBRARY_SEARCH_PATHS_QUOTED_FOR_TARGET_3)",
					"$(LIBRARY_SEARCH_PATHS_QUOTED_FOR_TARGET_4)",
					"$(LIBRARY_SEARCH_PATHS_QUOTED_FOR_TARGET_5)",
					"$(LIBRARY_SEARCH_PATHS_QUOTED_FOR_TARGET_6)",
					"$(LIBRARY_SEARCH_PATHS_QUOTED_FOR_TARGET_7)",
					"$(LIBRARY_SEARCH_PATHS_QUOTED_FOR_TARGET_8)",
					"$(LIBRARY_SEARCH_PATHS_QUOTED_FOR_TARGET_9)",
					"$(LIBRARY_SEARCH_PATHS_QUOTED_FOR_TARGET_10)",
					"$(LIBRARY_SEARCH_PATHS_QUOTED_FOR_TARGET_11)",
					"$(LIBRARY_SEARCH_PATHS_QUOTED_FOR_TARGET_12)",
					"$(LIBRARY_SEARCH_PATHS_QUOTED_FOR_TARGET_13)",
					"$(LIBRARY_SEARCH_PATHS_QUOTED_FOR_TARGET_14)",
					"$(LIBRARY_SEARCH_PATHS_QUOTED_FOR_TARGET_15)",
					"$(LIBRARY_SEARCH_PATHS_QUOTED_FOR_TARGET_2)",
					"$(LIBRARY_SEARCH_PATHS_QUOTED_FOR_TARGET_3)",
					"$(LIBRARY_SEARCH_PATHS_QUOTED_FOR_TARGET_7)",
				);
				LIBRARY_SEARCH_PATHS_QUOTED_FOR_TARGET_1 = "\"$(SRCROOT)/../../../libs/freeimage/lib/osx\"";
				LIBRARY_SEARCH_PATHS_QUOTED_FOR_TARGET_14 = "\"$(SRCROOT)/../../../libs/fmodex/lib/osx\"";
				LIBRARY_SEARCH_PATHS_QUOTED_FOR_TARGET_15 = "\"$(SRCROOT)/../../../libs/freetype/lib/osx\"";
				LIBRARY_SEARCH_PATHS_QUOTED_FOR_TARGET_2 = "\"$(SRCROOT)/../../../libs/FreeImage/lib/osx\"";
				LIBRARY_SEARCH_PATHS_QUOTED_FOR_TARGET_3 = "\"$(SRCROOT)/../../../addons/ofxMySQLServer/lib/link\"";
				LIBRARY_SEARCH_PATHS_QUOTED_FOR_TARGET_4 = "\"$(SRCROOT)/../../../libs/GLee/lib/osx\"";
				LIBRARY_SEARCH_PATHS_QUOTED_FOR_TARGET_5 = "\"$(SRCROOT)/../../../libs/poco/lib/osx\"";
				LIBRARY_SEARCH_PATHS_QUOTED_FOR_TARGET_6 = "\"$(SRCROOT)/../../../libs/rtAudio/lib/osx\"";
				LIBRARY_SEARCH_PATHS_QUOTED_FOR_TARGET_7 = "\"$(SRCROOT)/../../../addons/ofxMySQLServer/lib/libs\"";
				OTHER_LDFLAGS = (
					"--include",
					"--libmysqld-libs",
				);
				PREBINDING = NO;
				PRODUCT_NAME = CommunityCoreWebDebug;
				WRAPPER_EXTENSION = app;
				ZERO_LINK = NO;
			};
			name = Debug;
		};
		E4B69B610A3A1757003C02F2 /* Release */ = {
			isa = XCBuildConfiguration;
			buildSettings = {
				COPY_PHASE_STRIP = YES;
				FRAMEWORK_SEARCH_PATHS = (
					"$(inherited)",
					"$(FRAMEWORK_SEARCH_PATHS_QUOTED_FOR_TARGET_1)",
				);
				FRAMEWORK_SEARCH_PATHS_QUOTED_FOR_TARGET_1 = "\"$(SRCROOT)/../../../libs/glut/lib/osx\"";
				GCC_ENABLE_FIX_AND_CONTINUE = NO;
				GCC_GENERATE_DEBUGGING_SYMBOLS = NO;
				GCC_MODEL_TUNING = G4;
				GCC_PRECOMPILE_PREFIX_HEADER = YES;
				GCC_PREFIX_HEADER = "$(SYSTEM_LIBRARY_DIR)/Frameworks/Carbon.framework/Headers/Carbon.h";
				INFOPLIST_FILE = "communitycoreweb-Info.plist";
				INSTALL_PATH = "$(HOME)/Applications";
				LIBRARY_SEARCH_PATHS = (
					"$(inherited)",
					"$(LIBRARY_SEARCH_PATHS_QUOTED_FOR_TARGET_1)",
					"$(LIBRARY_SEARCH_PATHS_QUOTED_FOR_TARGET_2)",
					"$(LIBRARY_SEARCH_PATHS_QUOTED_FOR_TARGET_3)",
					"$(LIBRARY_SEARCH_PATHS_QUOTED_FOR_TARGET_4)",
					"$(LIBRARY_SEARCH_PATHS_QUOTED_FOR_TARGET_5)",
					"$(LIBRARY_SEARCH_PATHS_QUOTED_FOR_TARGET_6)",
					"$(LIBRARY_SEARCH_PATHS_QUOTED_FOR_TARGET_7)",
					"$(LIBRARY_SEARCH_PATHS_QUOTED_FOR_TARGET_8)",
					"$(LIBRARY_SEARCH_PATHS_QUOTED_FOR_TARGET_9)",
					"$(LIBRARY_SEARCH_PATHS_QUOTED_FOR_TARGET_10)",
					"$(LIBRARY_SEARCH_PATHS_QUOTED_FOR_TARGET_11)",
					"$(LIBRARY_SEARCH_PATHS_QUOTED_FOR_TARGET_12)",
					"$(LIBRARY_SEARCH_PATHS_QUOTED_FOR_TARGET_13)",
					"$(LIBRARY_SEARCH_PATHS_QUOTED_FOR_TARGET_14)",
					"$(LIBRARY_SEARCH_PATHS_QUOTED_FOR_TARGET_15)",
					"$(LIBRARY_SEARCH_PATHS_QUOTED_FOR_TARGET_2)",
					"$(LIBRARY_SEARCH_PATHS_QUOTED_FOR_TARGET_3)",
					"$(LIBRARY_SEARCH_PATHS_QUOTED_FOR_TARGET_7)",
				);
				LIBRARY_SEARCH_PATHS_QUOTED_FOR_TARGET_1 = "\"$(SRCROOT)/../../../libs/freeimage/lib/osx\"";
				LIBRARY_SEARCH_PATHS_QUOTED_FOR_TARGET_14 = "\"$(SRCROOT)/../../../libs/fmodex/lib/osx\"";
				LIBRARY_SEARCH_PATHS_QUOTED_FOR_TARGET_15 = "\"$(SRCROOT)/../../../libs/freetype/lib/osx\"";
				LIBRARY_SEARCH_PATHS_QUOTED_FOR_TARGET_2 = "\"$(SRCROOT)/../../../libs/FreeImage/lib/osx\"";
				LIBRARY_SEARCH_PATHS_QUOTED_FOR_TARGET_3 = "\"$(SRCROOT)/../../../addons/ofxMySQLServer/lib/link\"";
				LIBRARY_SEARCH_PATHS_QUOTED_FOR_TARGET_4 = "\"$(SRCROOT)/../../../libs/GLee/lib/osx\"";
				LIBRARY_SEARCH_PATHS_QUOTED_FOR_TARGET_5 = "\"$(SRCROOT)/../../../libs/poco/lib/osx\"";
				LIBRARY_SEARCH_PATHS_QUOTED_FOR_TARGET_6 = "\"$(SRCROOT)/../../../libs/rtAudio/lib/osx\"";
				LIBRARY_SEARCH_PATHS_QUOTED_FOR_TARGET_7 = "\"$(SRCROOT)/../../../addons/ofxMySQLServer/lib/libs\"";
				OTHER_LDFLAGS = (
					"--include",
					"--libmysqld-libs",
				);
				PREBINDING = NO;
				PRODUCT_NAME = "Community Core Web";
				WRAPPER_EXTENSION = app;
				ZERO_LINK = NO;
			};
			name = Release;
		};
/* End XCBuildConfiguration section */

/* Begin XCConfigurationList section */
		E4B69B4D0A3A1720003C02F2 /* Build configuration list for PBXProject "communitycoreweb" */ = {
			isa = XCConfigurationList;
			buildConfigurations = (
				E4B69B4E0A3A1720003C02F2 /* Debug */,
				E4B69B4F0A3A1720003C02F2 /* Release */,
				E4B27CA010CBF8A600536013 /* ReleaseUniversal */,
			);
			defaultConfigurationIsVisible = 0;
			defaultConfigurationName = Release;
		};
		E4B69B5F0A3A1757003C02F2 /* Build configuration list for PBXNativeTarget "communitycoreweb" */ = {
			isa = XCConfigurationList;
			buildConfigurations = (
				E4B69B600A3A1757003C02F2 /* Debug */,
				E4B69B610A3A1757003C02F2 /* Release */,
				E4B27CA110CBF8A600536013 /* ReleaseUniversal */,
			);
			defaultConfigurationIsVisible = 0;
			defaultConfigurationName = Release;
		};
/* End XCConfigurationList section */
	};
	rootObject = E4B69B4C0A3A1720003C02F2 /* Project object */;
}
